// !$*UTF8*$!
{
	archiveVersion = 1;
	classes = {
	};
	objectVersion = 46;
	objects = {

/* Begin PBXBuildFile section */
		47E259651832E463003C25CC /* Beestenbende iPad Images.xcassets in Resources */ = {isa = PBXBuildFile; fileRef = 47E259641832E463003C25CC /* Beestenbende iPad Images.xcassets */; };
		47E259691833EBD4003C25CC /* Linden Hill Italic.otf in Resources */ = {isa = PBXBuildFile; fileRef = 47E259671833EBD4003C25CC /* Linden Hill Italic.otf */; };
		47E2596A1833EBD4003C25CC /* Linden Hill.otf in Resources */ = {isa = PBXBuildFile; fileRef = 47E259681833EBD4003C25CC /* Linden Hill.otf */; };
		4E08C313152489BF00F3CDC7 /* FeatureExampleViewController.m in Sources */ = {isa = PBXBuildFile; fileRef = 4E08C312152489BF00F3CDC7 /* FeatureExampleViewController.m */; };
		4E08C31615248CAA00F3CDC7 /* FirstIssueExplanationViewController.m in Sources */ = {isa = PBXBuildFile; fileRef = 4E08C31515248CAA00F3CDC7 /* FirstIssueExplanationViewController.m */; };
		4E0D5F39152E69DD00009EC0 /* ExplainFeatureViewController.m in Sources */ = {isa = PBXBuildFile; fileRef = 4E0D5F38152E69DD00009EC0 /* ExplainFeatureViewController.m */; };
		4E110FC8154FFA7700935443 /* DragonClassViewController.m in Sources */ = {isa = PBXBuildFile; fileRef = 4E110FC7154FFA7600935443 /* DragonClassViewController.m */; };
		4E3326B7151A909000CEC850 /* CreditsViewController.m in Sources */ = {isa = PBXBuildFile; fileRef = 4E3326B6151A909000CEC850 /* CreditsViewController.m */; };
		4E3326BA151A91B200CEC850 /* MenuViewController.m in Sources */ = {isa = PBXBuildFile; fileRef = 4E3326B9151A91B200CEC850 /* MenuViewController.m */; };
		4E3385DD154043AF00E740BB /* SecondIssueIntroductionViewController.m in Sources */ = {isa = PBXBuildFile; fileRef = 4E3385DC154043AF00E740BB /* SecondIssueIntroductionViewController.m */; };
		4E3D23B7159F391600112E9C /* d10_draak_wiebenik_v3.wav in Resources */ = {isa = PBXBuildFile; fileRef = 4E3D23B6159F391600112E9C /* d10_draak_wiebenik_v3.wav */; };
		4E428205154425F8009FD991 /* MakeTeamsViewController.m in Sources */ = {isa = PBXBuildFile; fileRef = 4E428204154425F8009FD991 /* MakeTeamsViewController.m */; };
		4E42820915447EBD009FD991 /* TeamFlipViewController.m in Sources */ = {isa = PBXBuildFile; fileRef = 4E42820815447EBD009FD991 /* TeamFlipViewController.m */; };
		4E42820E1545F9BA009FD991 /* SecondIssueExplanationViewController.m in Sources */ = {isa = PBXBuildFile; fileRef = 4E42820D1545F9BA009FD991 /* SecondIssueExplanationViewController.m */; };
		4E4282111546C13E009FD991 /* IntermediaryScoresViewController.m in Sources */ = {isa = PBXBuildFile; fileRef = 4E4282101546C13D009FD991 /* IntermediaryScoresViewController.m */; };
		4E4346C5171EB6E100B93D50 /* SystemConfiguration.framework in Frameworks */ = {isa = PBXBuildFile; fileRef = 4E4346C4171EB6E100B93D50 /* SystemConfiguration.framework */; };
		4E4A4DF3154EB719009785BD /* DragonPictureViewController.m in Sources */ = {isa = PBXBuildFile; fileRef = 4E4A4DF2154EB719009785BD /* DragonPictureViewController.m */; };
		4E4A4DF7154ECA1B009785BD /* DragonLabelViewController.m in Sources */ = {isa = PBXBuildFile; fileRef = 4E4A4DF6154ECA1B009785BD /* DragonLabelViewController.m */; };
		4E4D8F9E152CCFCD00E898D5 /* Features.plist in Resources */ = {isa = PBXBuildFile; fileRef = 4E4D8F9D152CCFCD00E898D5 /* Features.plist */; };
		4E4D8FA1152D02D200E898D5 /* PresentFeatureViewController.m in Sources */ = {isa = PBXBuildFile; fileRef = 4E4D8FA0152D02D100E898D5 /* PresentFeatureViewController.m */; };
		4E4D8FAD152D0A3100E898D5 /* TeamRunningTotalViewController.m in Sources */ = {isa = PBXBuildFile; fileRef = 4E4D8FAC152D0A3100E898D5 /* TeamRunningTotalViewController.m */; };
		4E4EECED1588BDE80018170C /* OpenAL.framework in Frameworks */ = {isa = PBXBuildFile; fileRef = 4E4EECEC1588BDE80018170C /* OpenAL.framework */; };
		4E4EECEF1588BDEF0018170C /* AudioToolbox.framework in Frameworks */ = {isa = PBXBuildFile; fileRef = 4E4EECEE1588BDEF0018170C /* AudioToolbox.framework */; };
		4E4EECF21588C2570018170C /* i01_openingsscherm_v2.wav in Resources */ = {isa = PBXBuildFile; fileRef = 4E4EECF11588C2570018170C /* i01_openingsscherm_v2.wav */; };
		4E4EECF51588C3B80018170C /* i02_schermverder.wav in Resources */ = {isa = PBXBuildFile; fileRef = 4E4EECF31588C3B80018170C /* i02_schermverder.wav */; };
		4E4EECF61588C3B80018170C /* i03_schermterug.wav in Resources */ = {isa = PBXBuildFile; fileRef = 4E4EECF41588C3B80018170C /* i03_schermterug.wav */; };
		4E4EECF91588C6050018170C /* MapViewController.m in Sources */ = {isa = PBXBuildFile; fileRef = 4E4EECF81588C6050018170C /* MapViewController.m */; };
		4E50320715497AD80028880F /* MostPicturesViewController.m in Sources */ = {isa = PBXBuildFile; fileRef = 4E50320615497AD80028880F /* MostPicturesViewController.m */; };
		4E6D61EF1525F79A009D27B0 /* FeaturePictureViewController.m in Sources */ = {isa = PBXBuildFile; fileRef = 4E6D61EE1525F799009D27B0 /* FeaturePictureViewController.m */; };
		4E6E2A041593DBCC000EA338 /* AnimalPartsViewController.m in Sources */ = {isa = PBXBuildFile; fileRef = 4E6E2A031593DBCC000EA338 /* AnimalPartsViewController.m */; };
		4E6E2A081593DF6C000EA338 /* ExplanationViewController.m in Sources */ = {isa = PBXBuildFile; fileRef = 4E6E2A071593DF6C000EA338 /* ExplanationViewController.m */; };
		4E75576B154D9500009A9E51 /* DragonExplanationViewController.m in Sources */ = {isa = PBXBuildFile; fileRef = 4E75576A154D9500009A9E51 /* DragonExplanationViewController.m */; };
		4E75576F154D98F7009A9E51 /* DragonIntroductionViewController.m in Sources */ = {isa = PBXBuildFile; fileRef = 4E75576E154D98F7009A9E51 /* DragonIntroductionViewController.m */; };
		4E80ADCA151FCA22001CBA7E /* WelcomeViewController.m in Sources */ = {isa = PBXBuildFile; fileRef = 4E80ADC9151FCA22001CBA7E /* WelcomeViewController.m */; };
		4E94ACF9159A1527003AB362 /* i04_neemfoto_v4.wav in Resources */ = {isa = PBXBuildFile; fileRef = 4E94ACF8159A1527003AB362 /* i04_neemfoto_v4.wav */; };
		4EA0F265151B54AC00B12716 /* TeamPictureViewController.m in Sources */ = {isa = PBXBuildFile; fileRef = 4EA0F264151B54AC00B12716 /* TeamPictureViewController.m */; };
		4EA442781833EEE600AD3154 /* CustomFontLabel.m in Sources */ = {isa = PBXBuildFile; fileRef = 4EA442771833EEE600AD3154 /* CustomFontLabel.m */; };
		4EA4427B1833F2C100AD3154 /* CustomFontButton.m in Sources */ = {isa = PBXBuildFile; fileRef = 4EA4427A1833F2C100AD3154 /* CustomFontButton.m */; };
		4EA4427E183529C700AD3154 /* CustomItalicFontLabel.m in Sources */ = {isa = PBXBuildFile; fileRef = 4EA4427D183529C700AD3154 /* CustomItalicFontLabel.m */; };
		4EA62E2A15249B4100E74E64 /* Game.m in Sources */ = {isa = PBXBuildFile; fileRef = 4EA62E2915249B4100E74E64 /* Game.m */; };
		4EA62E2E15249B9D00E74E64 /* Team.m in Sources */ = {isa = PBXBuildFile; fileRef = 4EA62E2D15249B9D00E74E64 /* Team.m */; };
		4EA7E225159DE72900B179BF /* CDAudioManager.m in Sources */ = {isa = PBXBuildFile; fileRef = 4EA7E21D159DE72900B179BF /* CDAudioManager.m */; settings = {COMPILER_FLAGS = "-fno-objc-arc"; }; };
		4EA7E226159DE72900B179BF /* CDOpenALSupport.m in Sources */ = {isa = PBXBuildFile; fileRef = 4EA7E220159DE72900B179BF /* CDOpenALSupport.m */; settings = {COMPILER_FLAGS = "-fno-objc-arc"; }; };
		4EA7E227159DE72900B179BF /* CocosDenshion.m in Sources */ = {isa = PBXBuildFile; fileRef = 4EA7E222159DE72900B179BF /* CocosDenshion.m */; settings = {COMPILER_FLAGS = "-fno-objc-arc"; }; };
		4EA7E228159DE72900B179BF /* SimpleAudioEngine.m in Sources */ = {isa = PBXBuildFile; fileRef = 4EA7E224159DE72900B179BF /* SimpleAudioEngine.m */; settings = {COMPILER_FLAGS = "-fno-objc-arc"; }; };
		4EAE98DB151A618A0051C926 /* UIKit.framework in Frameworks */ = {isa = PBXBuildFile; fileRef = 4EAE98DA151A618A0051C926 /* UIKit.framework */; };
		4EAE98DD151A618A0051C926 /* Foundation.framework in Frameworks */ = {isa = PBXBuildFile; fileRef = 4EAE98DC151A618A0051C926 /* Foundation.framework */; };
		4EAE98DF151A618A0051C926 /* CoreGraphics.framework in Frameworks */ = {isa = PBXBuildFile; fileRef = 4EAE98DE151A618A0051C926 /* CoreGraphics.framework */; };
		4EAE98E5151A618A0051C926 /* InfoPlist.strings in Resources */ = {isa = PBXBuildFile; fileRef = 4EAE98E3151A618A0051C926 /* InfoPlist.strings */; };
		4EAE98E7151A618A0051C926 /* main.m in Sources */ = {isa = PBXBuildFile; fileRef = 4EAE98E6151A618A0051C926 /* main.m */; };
		4EAE98EB151A618A0051C926 /* AppDelegate.m in Sources */ = {isa = PBXBuildFile; fileRef = 4EAE98EA151A618A0051C926 /* AppDelegate.m */; };
		4EAE98EE151A618A0051C926 /* MainStoryboard.storyboard in Resources */ = {isa = PBXBuildFile; fileRef = 4EAE98EC151A618A0051C926 /* MainStoryboard.storyboard */; };
		4EAE98F1151A618A0051C926 /* ViewController.m in Sources */ = {isa = PBXBuildFile; fileRef = 4EAE98F0151A618A0051C926 /* ViewController.m */; };
		4EAF06BE153C85C300BE1CAA /* CaptureSessionManager.m in Sources */ = {isa = PBXBuildFile; fileRef = 4EAF06BD153C85C300BE1CAA /* CaptureSessionManager.m */; };
		4EAF06C1153C8F5100BE1CAA /* ImageIO.framework in Frameworks */ = {isa = PBXBuildFile; fileRef = 4EAF06C0153C8F5100BE1CAA /* ImageIO.framework */; };
		4EAF06C3153C8FA100BE1CAA /* CoreMedia.framework in Frameworks */ = {isa = PBXBuildFile; fileRef = 4EAF06C2153C8FA100BE1CAA /* CoreMedia.framework */; };
		4EAF06C5153C8FA500BE1CAA /* CoreVideo.framework in Frameworks */ = {isa = PBXBuildFile; fileRef = 4EAF06C4153C8FA500BE1CAA /* CoreVideo.framework */; };
		4EAF06C8153D808900BE1CAA /* UIImage+Extras.m in Sources */ = {isa = PBXBuildFile; fileRef = 4EAF06C7153D808900BE1CAA /* UIImage+Extras.m */; };
		4EC4012D152E09A10005EC5C /* IssueScoresViewController.m in Sources */ = {isa = PBXBuildFile; fileRef = 4EC4012C152E09A10005EC5C /* IssueScoresViewController.m */; };
		4EC83230154ED0AB006E7AC6 /* DragonResultViewController.m in Sources */ = {isa = PBXBuildFile; fileRef = 4EC8322F154ED0AB006E7AC6 /* DragonResultViewController.m */; };
		4EC83234154EE26C006E7AC6 /* EndScreenViewController.m in Sources */ = {isa = PBXBuildFile; fileRef = 4EC83233154EE26C006E7AC6 /* EndScreenViewController.m */; };
		4EC83237154F3901006E7AC6 /* DragonResolutionViewController.m in Sources */ = {isa = PBXBuildFile; fileRef = 4EC83236154F3900006E7AC6 /* DragonResolutionViewController.m */; };
		4ECB233C1587F61700F3CDCA /* AnimalUnderstandsViewController.m in Sources */ = {isa = PBXBuildFile; fileRef = 4ECB233B1587F61700F3CDCA /* AnimalUnderstandsViewController.m */; };
		4ECB233F1587F88200F3CDCA /* DragonQuestionViewController.m in Sources */ = {isa = PBXBuildFile; fileRef = 4ECB233E1587F88000F3CDCA /* DragonQuestionViewController.m */; };
		4ECB23421587FA1A00F3CDCA /* DragonRevealedViewController.m in Sources */ = {isa = PBXBuildFile; fileRef = 4ECB23411587FA1800F3CDCA /* DragonRevealedViewController.m */; };
		4ECE090E158FF59200868CD0 /* SplashViewController.m in Sources */ = {isa = PBXBuildFile; fileRef = 4ECE090D158FF59200868CD0 /* SplashViewController.m */; };
		4ED2152E153C610700040C97 /* AVFoundation.framework in Frameworks */ = {isa = PBXBuildFile; fileRef = 4ED2152D153C610700040C97 /* AVFoundation.framework */; };
		4ED69F301588CDCF00F84D92 /* MakeTeamPicturesViewController.m in Sources */ = {isa = PBXBuildFile; fileRef = 4ED69F2F1588CDCE00F84D92 /* MakeTeamPicturesViewController.m */; };
		4ED69F351588D7B500F84D92 /* i15_tussenstand_v2.wav in Resources */ = {isa = PBXBuildFile; fileRef = 4ED69F341588D7B500F84D92 /* i15_tussenstand_v2.wav */; };
		4ED69F391588DB7D00F84D92 /* i08_tijdvoorbij_v2.wav in Resources */ = {isa = PBXBuildFile; fileRef = 4ED69F381588DB7D00F84D92 /* i08_tijdvoorbij_v2.wav */; };
		4ED69F3B1588DB9100F84D92 /* i06_tijdtiktaf.wav in Resources */ = {isa = PBXBuildFile; fileRef = 4ED69F3A1588DB9100F84D92 /* i06_tijdtiktaf.wav */; };
		4ED69F3D1588DD1200F84D92 /* i05_carouselverderterug.wav in Resources */ = {isa = PBXBuildFile; fileRef = 4ED69F3C1588DD1200F84D92 /* i05_carouselverderterug.wav */; };
		4ED69F3F1588E65E00F84D92 /* i10_openmenu.wav in Resources */ = {isa = PBXBuildFile; fileRef = 4ED69F3E1588E65E00F84D92 /* i10_openmenu.wav */; };
		4ED69F411588E66400F84D92 /* i11_menu-select-close.wav in Resources */ = {isa = PBXBuildFile; fileRef = 4ED69F401588E66300F84D92 /* i11_menu-select-close.wav */; };
		4ED69F431588E69800F84D92 /* i09_knop-toggle.wav in Resources */ = {isa = PBXBuildFile; fileRef = 4ED69F421588E69800F84D92 /* i09_knop-toggle.wav */; };
		4ED69F481588E94F00F84D92 /* i13_uitslagronde_v2.wav in Resources */ = {isa = PBXBuildFile; fileRef = 4ED69F461588E94F00F84D92 /* i13_uitslagronde_v2.wav */; };
		4ED69F491588E94F00F84D92 /* i14_uitslagkwestie_v2.wav in Resources */ = {isa = PBXBuildFile; fileRef = 4ED69F471588E94F00F84D92 /* i14_uitslagkwestie_v2.wav */; };
		4ED69F551588EACF00F84D92 /* d01_nautilus_1.wav in Resources */ = {isa = PBXBuildFile; fileRef = 4ED69F4A1588EACE00F84D92 /* d01_nautilus_1.wav */; };
		4ED69F561588EACF00F84D92 /* d01_nautilus_2.wav in Resources */ = {isa = PBXBuildFile; fileRef = 4ED69F4B1588EACE00F84D92 /* d01_nautilus_2.wav */; };
		4ED69F571588EACF00F84D92 /* d01_nautilus_3.wav in Resources */ = {isa = PBXBuildFile; fileRef = 4ED69F4C1588EACE00F84D92 /* d01_nautilus_3.wav */; };
		4ED69F581588EACF00F84D92 /* d01_nautilus_4.wav in Resources */ = {isa = PBXBuildFile; fileRef = 4ED69F4D1588EACE00F84D92 /* d01_nautilus_4.wav */; };
		4ED69F591588EACF00F84D92 /* d01_nautilus_5.wav in Resources */ = {isa = PBXBuildFile; fileRef = 4ED69F4E1588EACE00F84D92 /* d01_nautilus_5.wav */; };
		4ED69F5A1588EACF00F84D92 /* d01_nautilus_6.wav in Resources */ = {isa = PBXBuildFile; fileRef = 4ED69F4F1588EACE00F84D92 /* d01_nautilus_6.wav */; };
		4ED69F5B1588EACF00F84D92 /* d01_nautilus_7.wav in Resources */ = {isa = PBXBuildFile; fileRef = 4ED69F501588EACE00F84D92 /* d01_nautilus_7.wav */; };
		4ED69F5C1588EACF00F84D92 /* d01_nautilus_8.wav in Resources */ = {isa = PBXBuildFile; fileRef = 4ED69F511588EACE00F84D92 /* d01_nautilus_8.wav */; };
		4ED69F5D1588EACF00F84D92 /* d01_nautilus_9.wav in Resources */ = {isa = PBXBuildFile; fileRef = 4ED69F521588EACF00F84D92 /* d01_nautilus_9.wav */; };
		4ED69F5E1588EACF00F84D92 /* d01_nautilus_10.wav in Resources */ = {isa = PBXBuildFile; fileRef = 4ED69F531588EACF00F84D92 /* d01_nautilus_10.wav */; };
		4ED69F5F1588EACF00F84D92 /* d01_nautilus_11.wav in Resources */ = {isa = PBXBuildFile; fileRef = 4ED69F541588EACF00F84D92 /* d01_nautilus_11.wav */; };
		4ED69F611588F50600F84D92 /* d03_vogels_irritatie.wav in Resources */ = {isa = PBXBuildFile; fileRef = 4ED69F601588F50600F84D92 /* d03_vogels_irritatie.wav */; };
		4ED69F631588F53C00F84D92 /* d02_vleekhoorn_denktvogel.wav in Resources */ = {isa = PBXBuildFile; fileRef = 4ED69F621588F53C00F84D92 /* d02_vleekhoorn_denktvogel.wav */; };
		4ED69F661588F5A700F84D92 /* AnimalUnderstandsResponseViewController.m in Sources */ = {isa = PBXBuildFile; fileRef = 4ED69F651588F5A600F84D92 /* AnimalUnderstandsResponseViewController.m */; };
		4ED69F681588F63100F84D92 /* d04_vleekhoorn_snapt.wav in Resources */ = {isa = PBXBuildFile; fileRef = 4ED69F671588F63100F84D92 /* d04_vleekhoorn_snapt.wav */; };
		4ED69F6A1588F69A00F84D92 /* d05_vogels_opgelucht.wav in Resources */ = {isa = PBXBuildFile; fileRef = 4ED69F691588F69A00F84D92 /* d05_vogels_opgelucht.wav */; };
		4ED69F6D1588F8DF00F84D92 /* d06_zeepaling_reptielverdriet.wav in Resources */ = {isa = PBXBuildFile; fileRef = 4ED69F6B1588F8DF00F84D92 /* d06_zeepaling_reptielverdriet.wav */; };
		4ED69F6E1588F8DF00F84D92 /* d07_vissen_hulp.wav in Resources */ = {isa = PBXBuildFile; fileRef = 4ED69F6C1588F8DF00F84D92 /* d07_vissen_hulp.wav */; };
		4ED69F711588F93600F84D92 /* d08_zeepaling_snapt.wav in Resources */ = {isa = PBXBuildFile; fileRef = 4ED69F6F1588F93600F84D92 /* d08_zeepaling_snapt.wav */; };
		4ED69F721588F93600F84D92 /* d09_vissen_opgelucht.wav in Resources */ = {isa = PBXBuildFile; fileRef = 4ED69F701588F93600F84D92 /* d09_vissen_opgelucht.wav */; };
		4ED69F741588F98B00F84D92 /* d14_alledierenblij_einde_v2.wav in Resources */ = {isa = PBXBuildFile; fileRef = 4ED69F731588F98B00F84D92 /* d14_alledierenblij_einde_v2.wav */; };
		4ED69F7715890A2100F84D92 /* DragonStartViewController.m in Sources */ = {isa = PBXBuildFile; fileRef = 4ED69F7615890A1F00F84D92 /* DragonStartViewController.m */; };
		4ED69F7C1589E40D00F84D92 /* d10_draak_wiebenik_v4.wav in Resources */ = {isa = PBXBuildFile; fileRef = 4ED69F781589E40B00F84D92 /* d10_draak_wiebenik_v4.wav */; };
		4ED69F7D1589E40D00F84D92 /* d11_reptielen_watisdraak_v2.wav in Resources */ = {isa = PBXBuildFile; fileRef = 4ED69F791589E40B00F84D92 /* d11_reptielen_watisdraak_v2.wav */; };
		4ED69F7E1589E40D00F84D92 /* d12_draak_inderdaadvis_v4.wav in Resources */ = {isa = PBXBuildFile; fileRef = 4ED69F7A1589E40C00F84D92 /* d12_draak_inderdaadvis_v4.wav */; };
		4ED69F7F1589E40D00F84D92 /* d13_reptielen_opgelucht_v2.wav in Resources */ = {isa = PBXBuildFile; fileRef = 4ED69F7B1589E40D00F84D92 /* d13_reptielen_opgelucht_v2.wav */; };
		4ED69F81158A737700F84D92 /* i07_tijdtiktlaatstesec_v3.wav in Resources */ = {isa = PBXBuildFile; fileRef = 4ED69F80158A737600F84D92 /* i07_tijdtiktlaatstesec_v3.wav */; };
		4EDEFAD7152B359D00324EDB /* FeaturePicture.m in Sources */ = {isa = PBXBuildFile; fileRef = 4EDEFAD6152B359D00324EDB /* FeaturePicture.m */; };
		4EDEFADA152B426300324EDB /* FeaturePickerViewController.m in Sources */ = {isa = PBXBuildFile; fileRef = 4EDEFAD9152B426300324EDB /* FeaturePickerViewController.m */; };
		4EE1E1BF152625E800A8C6CF /* FirstIssueIntroductionViewController.m in Sources */ = {isa = PBXBuildFile; fileRef = 4EE1E1BE152625E800A8C6CF /* FirstIssueIntroductionViewController.m */; };
		4EEFC16818F85B8900522BE0 /* HockeySDK.framework in Frameworks */ = {isa = PBXBuildFile; fileRef = 4EEFC16418F85B8900522BE0 /* HockeySDK.framework */; };
		4EEFC16918F85B8900522BE0 /* HockeySDK.xcconfig in Resources */ = {isa = PBXBuildFile; fileRef = 4EEFC16618F85B8900522BE0 /* HockeySDK.xcconfig */; };
		4EEFC16A18F85B8900522BE0 /* HockeySDKResources.bundle in Resources */ = {isa = PBXBuildFile; fileRef = 4EEFC16718F85B8900522BE0 /* HockeySDKResources.bundle */; };
		4EEFC16C18F85CE400522BE0 /* QuartzCore.framework in Frameworks */ = {isa = PBXBuildFile; fileRef = 4EEFC16B18F85CE400522BE0 /* QuartzCore.framework */; };
		4EEFC16E18F85CEF00522BE0 /* CoreText.framework in Frameworks */ = {isa = PBXBuildFile; fileRef = 4EEFC16D18F85CEF00522BE0 /* CoreText.framework */; };
		4EEFC17018F85CFE00522BE0 /* Security.framework in Frameworks */ = {isa = PBXBuildFile; fileRef = 4EEFC16F18F85CFE00522BE0 /* Security.framework */; };
		4EF7F24E159697A200DD9C63 /* IssueSplashViewController.m in Sources */ = {isa = PBXBuildFile; fileRef = 4EF7F24D159697A200DD9C63 /* IssueSplashViewController.m */; };
/* End PBXBuildFile section */

/* Begin PBXFileReference section */
		47E259641832E463003C25CC /* Beestenbende iPad Images.xcassets */ = {isa = PBXFileReference; lastKnownFileType = folder.assetcatalog; path = "Beestenbende iPad Images.xcassets"; sourceTree = "<group>"; };
		47E259671833EBD4003C25CC /* Linden Hill Italic.otf */ = {isa = PBXFileReference; lastKnownFileType = file; path = "Linden Hill Italic.otf"; sourceTree = "<group>"; };
		47E259681833EBD4003C25CC /* Linden Hill.otf */ = {isa = PBXFileReference; lastKnownFileType = file; path = "Linden Hill.otf"; sourceTree = "<group>"; };
		4E08C311152489BF00F3CDC7 /* FeatureExampleViewController.h */ = {isa = PBXFileReference; fileEncoding = 4; lastKnownFileType = sourcecode.c.h; path = FeatureExampleViewController.h; sourceTree = "<group>"; };
		4E08C312152489BF00F3CDC7 /* FeatureExampleViewController.m */ = {isa = PBXFileReference; fileEncoding = 4; lastKnownFileType = sourcecode.c.objc; path = FeatureExampleViewController.m; sourceTree = "<group>"; };
		4E08C31415248CAA00F3CDC7 /* FirstIssueExplanationViewController.h */ = {isa = PBXFileReference; fileEncoding = 4; lastKnownFileType = sourcecode.c.h; path = FirstIssueExplanationViewController.h; sourceTree = "<group>"; };
		4E08C31515248CAA00F3CDC7 /* FirstIssueExplanationViewController.m */ = {isa = PBXFileReference; fileEncoding = 4; lastKnownFileType = sourcecode.c.objc; path = FirstIssueExplanationViewController.m; sourceTree = "<group>"; };
		4E0D5F37152E69DD00009EC0 /* ExplainFeatureViewController.h */ = {isa = PBXFileReference; fileEncoding = 4; lastKnownFileType = sourcecode.c.h; path = ExplainFeatureViewController.h; sourceTree = "<group>"; };
		4E0D5F38152E69DD00009EC0 /* ExplainFeatureViewController.m */ = {isa = PBXFileReference; fileEncoding = 4; lastKnownFileType = sourcecode.c.objc; path = ExplainFeatureViewController.m; sourceTree = "<group>"; };
		4E110FC6154FFA7600935443 /* DragonClassViewController.h */ = {isa = PBXFileReference; fileEncoding = 4; lastKnownFileType = sourcecode.c.h; path = DragonClassViewController.h; sourceTree = "<group>"; };
		4E110FC7154FFA7600935443 /* DragonClassViewController.m */ = {isa = PBXFileReference; fileEncoding = 4; lastKnownFileType = sourcecode.c.objc; path = DragonClassViewController.m; sourceTree = "<group>"; };
		4E3326B5151A909000CEC850 /* CreditsViewController.h */ = {isa = PBXFileReference; fileEncoding = 4; lastKnownFileType = sourcecode.c.h; path = CreditsViewController.h; sourceTree = "<group>"; };
		4E3326B6151A909000CEC850 /* CreditsViewController.m */ = {isa = PBXFileReference; fileEncoding = 4; lastKnownFileType = sourcecode.c.objc; path = CreditsViewController.m; sourceTree = "<group>"; };
		4E3326B8151A91B200CEC850 /* MenuViewController.h */ = {isa = PBXFileReference; fileEncoding = 4; lastKnownFileType = sourcecode.c.h; path = MenuViewController.h; sourceTree = "<group>"; };
		4E3326B9151A91B200CEC850 /* MenuViewController.m */ = {isa = PBXFileReference; fileEncoding = 4; lastKnownFileType = sourcecode.c.objc; path = MenuViewController.m; sourceTree = "<group>"; };
		4E3385DB154043AF00E740BB /* SecondIssueIntroductionViewController.h */ = {isa = PBXFileReference; fileEncoding = 4; lastKnownFileType = sourcecode.c.h; path = SecondIssueIntroductionViewController.h; sourceTree = "<group>"; };
		4E3385DC154043AF00E740BB /* SecondIssueIntroductionViewController.m */ = {isa = PBXFileReference; fileEncoding = 4; lastKnownFileType = sourcecode.c.objc; path = SecondIssueIntroductionViewController.m; sourceTree = "<group>"; };
		4E3D23B6159F391600112E9C /* d10_draak_wiebenik_v3.wav */ = {isa = PBXFileReference; lastKnownFileType = audio.wav; path = d10_draak_wiebenik_v3.wav; sourceTree = "<group>"; };
		4E428203154425F8009FD991 /* MakeTeamsViewController.h */ = {isa = PBXFileReference; fileEncoding = 4; lastKnownFileType = sourcecode.c.h; path = MakeTeamsViewController.h; sourceTree = "<group>"; };
		4E428204154425F8009FD991 /* MakeTeamsViewController.m */ = {isa = PBXFileReference; fileEncoding = 4; lastKnownFileType = sourcecode.c.objc; path = MakeTeamsViewController.m; sourceTree = "<group>"; };
		4E42820715447EBC009FD991 /* TeamFlipViewController.h */ = {isa = PBXFileReference; fileEncoding = 4; lastKnownFileType = sourcecode.c.h; path = TeamFlipViewController.h; sourceTree = "<group>"; };
		4E42820815447EBD009FD991 /* TeamFlipViewController.m */ = {isa = PBXFileReference; fileEncoding = 4; lastKnownFileType = sourcecode.c.objc; path = TeamFlipViewController.m; sourceTree = "<group>"; };
		4E42820C1545F9B8009FD991 /* SecondIssueExplanationViewController.h */ = {isa = PBXFileReference; fileEncoding = 4; lastKnownFileType = sourcecode.c.h; path = SecondIssueExplanationViewController.h; sourceTree = "<group>"; };
		4E42820D1545F9BA009FD991 /* SecondIssueExplanationViewController.m */ = {isa = PBXFileReference; fileEncoding = 4; lastKnownFileType = sourcecode.c.objc; path = SecondIssueExplanationViewController.m; sourceTree = "<group>"; };
		4E42820F1546C13C009FD991 /* IntermediaryScoresViewController.h */ = {isa = PBXFileReference; fileEncoding = 4; lastKnownFileType = sourcecode.c.h; path = IntermediaryScoresViewController.h; sourceTree = "<group>"; };
		4E4282101546C13D009FD991 /* IntermediaryScoresViewController.m */ = {isa = PBXFileReference; fileEncoding = 4; lastKnownFileType = sourcecode.c.objc; path = IntermediaryScoresViewController.m; sourceTree = "<group>"; };
		4E4346C1171EB6A500B93D50 /* Beestenbende.xcodeproj */ = {isa = PBXFileReference; lastKnownFileType = "wrapper.pb-project"; path = Beestenbende.xcodeproj; sourceTree = "<group>"; };
		4E4346C4171EB6E100B93D50 /* SystemConfiguration.framework */ = {isa = PBXFileReference; lastKnownFileType = wrapper.framework; name = SystemConfiguration.framework; path = System/Library/Frameworks/SystemConfiguration.framework; sourceTree = SDKROOT; };
		4E4A4DF1154EB719009785BD /* DragonPictureViewController.h */ = {isa = PBXFileReference; fileEncoding = 4; lastKnownFileType = sourcecode.c.h; path = DragonPictureViewController.h; sourceTree = "<group>"; };
		4E4A4DF2154EB719009785BD /* DragonPictureViewController.m */ = {isa = PBXFileReference; fileEncoding = 4; lastKnownFileType = sourcecode.c.objc; path = DragonPictureViewController.m; sourceTree = "<group>"; };
		4E4A4DF5154ECA1B009785BD /* DragonLabelViewController.h */ = {isa = PBXFileReference; fileEncoding = 4; lastKnownFileType = sourcecode.c.h; path = DragonLabelViewController.h; sourceTree = "<group>"; };
		4E4A4DF6154ECA1B009785BD /* DragonLabelViewController.m */ = {isa = PBXFileReference; fileEncoding = 4; lastKnownFileType = sourcecode.c.objc; path = DragonLabelViewController.m; sourceTree = "<group>"; };
		4E4D8F9D152CCFCD00E898D5 /* Features.plist */ = {isa = PBXFileReference; fileEncoding = 4; lastKnownFileType = text.plist.xml; path = Features.plist; sourceTree = "<group>"; };
		4E4D8F9F152D02D100E898D5 /* PresentFeatureViewController.h */ = {isa = PBXFileReference; fileEncoding = 4; lastKnownFileType = sourcecode.c.h; path = PresentFeatureViewController.h; sourceTree = "<group>"; };
		4E4D8FA0152D02D100E898D5 /* PresentFeatureViewController.m */ = {isa = PBXFileReference; fileEncoding = 4; lastKnownFileType = sourcecode.c.objc; path = PresentFeatureViewController.m; sourceTree = "<group>"; };
		4E4D8FAB152D0A3100E898D5 /* TeamRunningTotalViewController.h */ = {isa = PBXFileReference; fileEncoding = 4; lastKnownFileType = sourcecode.c.h; path = TeamRunningTotalViewController.h; sourceTree = "<group>"; };
		4E4D8FAC152D0A3100E898D5 /* TeamRunningTotalViewController.m */ = {isa = PBXFileReference; fileEncoding = 4; lastKnownFileType = sourcecode.c.objc; path = TeamRunningTotalViewController.m; sourceTree = "<group>"; };
		4E4EECEC1588BDE80018170C /* OpenAL.framework */ = {isa = PBXFileReference; lastKnownFileType = wrapper.framework; name = OpenAL.framework; path = System/Library/Frameworks/OpenAL.framework; sourceTree = SDKROOT; };
		4E4EECEE1588BDEF0018170C /* AudioToolbox.framework */ = {isa = PBXFileReference; lastKnownFileType = wrapper.framework; name = AudioToolbox.framework; path = System/Library/Frameworks/AudioToolbox.framework; sourceTree = SDKROOT; };
		4E4EECF11588C2570018170C /* i01_openingsscherm_v2.wav */ = {isa = PBXFileReference; lastKnownFileType = audio.wav; path = i01_openingsscherm_v2.wav; sourceTree = "<group>"; };
		4E4EECF31588C3B80018170C /* i02_schermverder.wav */ = {isa = PBXFileReference; lastKnownFileType = audio.wav; path = i02_schermverder.wav; sourceTree = "<group>"; };
		4E4EECF41588C3B80018170C /* i03_schermterug.wav */ = {isa = PBXFileReference; lastKnownFileType = audio.wav; path = i03_schermterug.wav; sourceTree = "<group>"; };
		4E4EECF71588C6050018170C /* MapViewController.h */ = {isa = PBXFileReference; fileEncoding = 4; lastKnownFileType = sourcecode.c.h; path = MapViewController.h; sourceTree = "<group>"; };
		4E4EECF81588C6050018170C /* MapViewController.m */ = {isa = PBXFileReference; fileEncoding = 4; lastKnownFileType = sourcecode.c.objc; path = MapViewController.m; sourceTree = "<group>"; };
		4E50320515497AD80028880F /* MostPicturesViewController.h */ = {isa = PBXFileReference; fileEncoding = 4; lastKnownFileType = sourcecode.c.h; path = MostPicturesViewController.h; sourceTree = "<group>"; };
		4E50320615497AD80028880F /* MostPicturesViewController.m */ = {isa = PBXFileReference; fileEncoding = 4; lastKnownFileType = sourcecode.c.objc; path = MostPicturesViewController.m; sourceTree = "<group>"; };
		4E6D61ED1525F799009D27B0 /* FeaturePictureViewController.h */ = {isa = PBXFileReference; fileEncoding = 4; lastKnownFileType = sourcecode.c.h; path = FeaturePictureViewController.h; sourceTree = "<group>"; };
		4E6D61EE1525F799009D27B0 /* FeaturePictureViewController.m */ = {isa = PBXFileReference; fileEncoding = 4; lastKnownFileType = sourcecode.c.objc; path = FeaturePictureViewController.m; sourceTree = "<group>"; };
		4E6E2A021593DBCC000EA338 /* AnimalPartsViewController.h */ = {isa = PBXFileReference; fileEncoding = 4; lastKnownFileType = sourcecode.c.h; path = AnimalPartsViewController.h; sourceTree = "<group>"; };
		4E6E2A031593DBCC000EA338 /* AnimalPartsViewController.m */ = {isa = PBXFileReference; fileEncoding = 4; lastKnownFileType = sourcecode.c.objc; path = AnimalPartsViewController.m; sourceTree = "<group>"; };
		4E6E2A061593DF6C000EA338 /* ExplanationViewController.h */ = {isa = PBXFileReference; fileEncoding = 4; lastKnownFileType = sourcecode.c.h; path = ExplanationViewController.h; sourceTree = "<group>"; };
		4E6E2A071593DF6C000EA338 /* ExplanationViewController.m */ = {isa = PBXFileReference; fileEncoding = 4; lastKnownFileType = sourcecode.c.objc; path = ExplanationViewController.m; sourceTree = "<group>"; };
		4E755769154D94FF009A9E51 /* DragonExplanationViewController.h */ = {isa = PBXFileReference; fileEncoding = 4; lastKnownFileType = sourcecode.c.h; path = DragonExplanationViewController.h; sourceTree = "<group>"; };
		4E75576A154D9500009A9E51 /* DragonExplanationViewController.m */ = {isa = PBXFileReference; fileEncoding = 4; lastKnownFileType = sourcecode.c.objc; path = DragonExplanationViewController.m; sourceTree = "<group>"; };
		4E75576D154D98F7009A9E51 /* DragonIntroductionViewController.h */ = {isa = PBXFileReference; fileEncoding = 4; lastKnownFileType = sourcecode.c.h; path = DragonIntroductionViewController.h; sourceTree = "<group>"; };
		4E75576E154D98F7009A9E51 /* DragonIntroductionViewController.m */ = {isa = PBXFileReference; fileEncoding = 4; lastKnownFileType = sourcecode.c.objc; path = DragonIntroductionViewController.m; sourceTree = "<group>"; };
		4E80ADC8151FCA22001CBA7E /* WelcomeViewController.h */ = {isa = PBXFileReference; fileEncoding = 4; lastKnownFileType = sourcecode.c.h; path = WelcomeViewController.h; sourceTree = "<group>"; };
		4E80ADC9151FCA22001CBA7E /* WelcomeViewController.m */ = {isa = PBXFileReference; fileEncoding = 4; lastKnownFileType = sourcecode.c.objc; path = WelcomeViewController.m; sourceTree = "<group>"; };
		4E94ACF8159A1527003AB362 /* i04_neemfoto_v4.wav */ = {isa = PBXFileReference; lastKnownFileType = audio.wav; path = i04_neemfoto_v4.wav; sourceTree = "<group>"; };
		4EA0F263151B54AC00B12716 /* TeamPictureViewController.h */ = {isa = PBXFileReference; fileEncoding = 4; lastKnownFileType = sourcecode.c.h; path = TeamPictureViewController.h; sourceTree = "<group>"; };
		4EA0F264151B54AC00B12716 /* TeamPictureViewController.m */ = {isa = PBXFileReference; fileEncoding = 4; lastKnownFileType = sourcecode.c.objc; path = TeamPictureViewController.m; sourceTree = "<group>"; };
		4EA442761833EEE600AD3154 /* CustomFontLabel.h */ = {isa = PBXFileReference; fileEncoding = 4; lastKnownFileType = sourcecode.c.h; path = CustomFontLabel.h; sourceTree = "<group>"; };
		4EA442771833EEE600AD3154 /* CustomFontLabel.m */ = {isa = PBXFileReference; fileEncoding = 4; lastKnownFileType = sourcecode.c.objc; path = CustomFontLabel.m; sourceTree = "<group>"; };
		4EA442791833F2C100AD3154 /* CustomFontButton.h */ = {isa = PBXFileReference; fileEncoding = 4; lastKnownFileType = sourcecode.c.h; path = CustomFontButton.h; sourceTree = "<group>"; };
		4EA4427A1833F2C100AD3154 /* CustomFontButton.m */ = {isa = PBXFileReference; fileEncoding = 4; lastKnownFileType = sourcecode.c.objc; path = CustomFontButton.m; sourceTree = "<group>"; };
		4EA4427C183529C700AD3154 /* CustomItalicFontLabel.h */ = {isa = PBXFileReference; fileEncoding = 4; lastKnownFileType = sourcecode.c.h; path = CustomItalicFontLabel.h; sourceTree = "<group>"; };
		4EA4427D183529C700AD3154 /* CustomItalicFontLabel.m */ = {isa = PBXFileReference; fileEncoding = 4; lastKnownFileType = sourcecode.c.objc; path = CustomItalicFontLabel.m; sourceTree = "<group>"; };
		4EA62E2815249B4100E74E64 /* Game.h */ = {isa = PBXFileReference; fileEncoding = 4; lastKnownFileType = sourcecode.c.h; path = Game.h; sourceTree = "<group>"; };
		4EA62E2915249B4100E74E64 /* Game.m */ = {isa = PBXFileReference; fileEncoding = 4; lastKnownFileType = sourcecode.c.objc; path = Game.m; sourceTree = "<group>"; };
		4EA62E2C15249B9D00E74E64 /* Team.h */ = {isa = PBXFileReference; fileEncoding = 4; lastKnownFileType = sourcecode.c.h; path = Team.h; sourceTree = "<group>"; };
		4EA62E2D15249B9D00E74E64 /* Team.m */ = {isa = PBXFileReference; fileEncoding = 4; lastKnownFileType = sourcecode.c.objc; path = Team.m; sourceTree = "<group>"; };
		4EA7E21C159DE72900B179BF /* CDAudioManager.h */ = {isa = PBXFileReference; fileEncoding = 4; lastKnownFileType = sourcecode.c.h; path = CDAudioManager.h; sourceTree = "<group>"; };
		4EA7E21D159DE72900B179BF /* CDAudioManager.m */ = {isa = PBXFileReference; fileEncoding = 4; lastKnownFileType = sourcecode.c.objc; path = CDAudioManager.m; sourceTree = "<group>"; };
		4EA7E21E159DE72900B179BF /* CDConfig.h */ = {isa = PBXFileReference; fileEncoding = 4; lastKnownFileType = sourcecode.c.h; path = CDConfig.h; sourceTree = "<group>"; };
		4EA7E21F159DE72900B179BF /* CDOpenALSupport.h */ = {isa = PBXFileReference; fileEncoding = 4; lastKnownFileType = sourcecode.c.h; path = CDOpenALSupport.h; sourceTree = "<group>"; };
		4EA7E220159DE72900B179BF /* CDOpenALSupport.m */ = {isa = PBXFileReference; fileEncoding = 4; lastKnownFileType = sourcecode.c.objc; path = CDOpenALSupport.m; sourceTree = "<group>"; };
		4EA7E221159DE72900B179BF /* CocosDenshion.h */ = {isa = PBXFileReference; fileEncoding = 4; lastKnownFileType = sourcecode.c.h; path = CocosDenshion.h; sourceTree = "<group>"; };
		4EA7E222159DE72900B179BF /* CocosDenshion.m */ = {isa = PBXFileReference; fileEncoding = 4; lastKnownFileType = sourcecode.c.objc; path = CocosDenshion.m; sourceTree = "<group>"; };
		4EA7E223159DE72900B179BF /* SimpleAudioEngine.h */ = {isa = PBXFileReference; fileEncoding = 4; lastKnownFileType = sourcecode.c.h; path = SimpleAudioEngine.h; sourceTree = "<group>"; };
		4EA7E224159DE72900B179BF /* SimpleAudioEngine.m */ = {isa = PBXFileReference; fileEncoding = 4; lastKnownFileType = sourcecode.c.objc; path = SimpleAudioEngine.m; sourceTree = "<group>"; };
		4EAE98D6151A618A0051C926 /* Beestenbende iPad.app */ = {isa = PBXFileReference; explicitFileType = wrapper.application; includeInIndex = 0; path = "Beestenbende iPad.app"; sourceTree = BUILT_PRODUCTS_DIR; };
		4EAE98DA151A618A0051C926 /* UIKit.framework */ = {isa = PBXFileReference; lastKnownFileType = wrapper.framework; name = UIKit.framework; path = System/Library/Frameworks/UIKit.framework; sourceTree = SDKROOT; };
		4EAE98DC151A618A0051C926 /* Foundation.framework */ = {isa = PBXFileReference; lastKnownFileType = wrapper.framework; name = Foundation.framework; path = System/Library/Frameworks/Foundation.framework; sourceTree = SDKROOT; };
		4EAE98DE151A618A0051C926 /* CoreGraphics.framework */ = {isa = PBXFileReference; lastKnownFileType = wrapper.framework; name = CoreGraphics.framework; path = System/Library/Frameworks/CoreGraphics.framework; sourceTree = SDKROOT; };
		4EAE98E2151A618A0051C926 /* Gesjeesde Native-Info.plist */ = {isa = PBXFileReference; lastKnownFileType = text.plist.xml; path = "Gesjeesde Native-Info.plist"; sourceTree = "<group>"; };
		4EAE98E4151A618A0051C926 /* en */ = {isa = PBXFileReference; lastKnownFileType = text.plist.strings; name = en; path = en.lproj/InfoPlist.strings; sourceTree = "<group>"; };
		4EAE98E6151A618A0051C926 /* main.m */ = {isa = PBXFileReference; lastKnownFileType = sourcecode.c.objc; path = main.m; sourceTree = "<group>"; };
		4EAE98E8151A618A0051C926 /* Gesjeesde Native-Prefix.pch */ = {isa = PBXFileReference; lastKnownFileType = sourcecode.c.h; path = "Gesjeesde Native-Prefix.pch"; sourceTree = "<group>"; };
		4EAE98E9151A618A0051C926 /* AppDelegate.h */ = {isa = PBXFileReference; lastKnownFileType = sourcecode.c.h; path = AppDelegate.h; sourceTree = "<group>"; };
		4EAE98EA151A618A0051C926 /* AppDelegate.m */ = {isa = PBXFileReference; lastKnownFileType = sourcecode.c.objc; path = AppDelegate.m; sourceTree = "<group>"; };
		4EAE98ED151A618A0051C926 /* en */ = {isa = PBXFileReference; lastKnownFileType = file.storyboard; name = en; path = en.lproj/MainStoryboard.storyboard; sourceTree = "<group>"; };
		4EAE98EF151A618A0051C926 /* ViewController.h */ = {isa = PBXFileReference; lastKnownFileType = sourcecode.c.h; path = ViewController.h; sourceTree = "<group>"; };
		4EAE98F0151A618A0051C926 /* ViewController.m */ = {isa = PBXFileReference; lastKnownFileType = sourcecode.c.objc; path = ViewController.m; sourceTree = "<group>"; };
		4EAF06BC153C85C300BE1CAA /* CaptureSessionManager.h */ = {isa = PBXFileReference; fileEncoding = 4; lastKnownFileType = sourcecode.c.h; path = CaptureSessionManager.h; sourceTree = "<group>"; };
		4EAF06BD153C85C300BE1CAA /* CaptureSessionManager.m */ = {isa = PBXFileReference; fileEncoding = 4; lastKnownFileType = sourcecode.c.objc; path = CaptureSessionManager.m; sourceTree = "<group>"; };
		4EAF06C0153C8F5100BE1CAA /* ImageIO.framework */ = {isa = PBXFileReference; lastKnownFileType = wrapper.framework; name = ImageIO.framework; path = System/Library/Frameworks/ImageIO.framework; sourceTree = SDKROOT; };
		4EAF06C2153C8FA100BE1CAA /* CoreMedia.framework */ = {isa = PBXFileReference; lastKnownFileType = wrapper.framework; name = CoreMedia.framework; path = System/Library/Frameworks/CoreMedia.framework; sourceTree = SDKROOT; };
		4EAF06C4153C8FA500BE1CAA /* CoreVideo.framework */ = {isa = PBXFileReference; lastKnownFileType = wrapper.framework; name = CoreVideo.framework; path = System/Library/Frameworks/CoreVideo.framework; sourceTree = SDKROOT; };
		4EAF06C6153D808800BE1CAA /* UIImage+Extras.h */ = {isa = PBXFileReference; fileEncoding = 4; lastKnownFileType = sourcecode.c.h; path = "UIImage+Extras.h"; sourceTree = "<group>"; };
		4EAF06C7153D808900BE1CAA /* UIImage+Extras.m */ = {isa = PBXFileReference; fileEncoding = 4; lastKnownFileType = sourcecode.c.objc; path = "UIImage+Extras.m"; sourceTree = "<group>"; };
		4EC4012B152E09A10005EC5C /* IssueScoresViewController.h */ = {isa = PBXFileReference; fileEncoding = 4; lastKnownFileType = sourcecode.c.h; path = IssueScoresViewController.h; sourceTree = "<group>"; };
		4EC4012C152E09A10005EC5C /* IssueScoresViewController.m */ = {isa = PBXFileReference; fileEncoding = 4; lastKnownFileType = sourcecode.c.objc; path = IssueScoresViewController.m; sourceTree = "<group>"; };
		4EC8322E154ED0AB006E7AC6 /* DragonResultViewController.h */ = {isa = PBXFileReference; fileEncoding = 4; lastKnownFileType = sourcecode.c.h; path = DragonResultViewController.h; sourceTree = "<group>"; };
		4EC8322F154ED0AB006E7AC6 /* DragonResultViewController.m */ = {isa = PBXFileReference; fileEncoding = 4; lastKnownFileType = sourcecode.c.objc; path = DragonResultViewController.m; sourceTree = "<group>"; };
		4EC83232154EE26C006E7AC6 /* EndScreenViewController.h */ = {isa = PBXFileReference; fileEncoding = 4; lastKnownFileType = sourcecode.c.h; path = EndScreenViewController.h; sourceTree = "<group>"; };
		4EC83233154EE26C006E7AC6 /* EndScreenViewController.m */ = {isa = PBXFileReference; fileEncoding = 4; lastKnownFileType = sourcecode.c.objc; path = EndScreenViewController.m; sourceTree = "<group>"; };
		4EC83235154F38FF006E7AC6 /* DragonResolutionViewController.h */ = {isa = PBXFileReference; fileEncoding = 4; lastKnownFileType = sourcecode.c.h; path = DragonResolutionViewController.h; sourceTree = "<group>"; };
		4EC83236154F3900006E7AC6 /* DragonResolutionViewController.m */ = {isa = PBXFileReference; fileEncoding = 4; lastKnownFileType = sourcecode.c.objc; path = DragonResolutionViewController.m; sourceTree = "<group>"; };
		4ECB233A1587F61500F3CDCA /* AnimalUnderstandsViewController.h */ = {isa = PBXFileReference; fileEncoding = 4; lastKnownFileType = sourcecode.c.h; path = AnimalUnderstandsViewController.h; sourceTree = "<group>"; };
		4ECB233B1587F61700F3CDCA /* AnimalUnderstandsViewController.m */ = {isa = PBXFileReference; fileEncoding = 4; lastKnownFileType = sourcecode.c.objc; path = AnimalUnderstandsViewController.m; sourceTree = "<group>"; };
		4ECB233D1587F87F00F3CDCA /* DragonQuestionViewController.h */ = {isa = PBXFileReference; fileEncoding = 4; lastKnownFileType = sourcecode.c.h; path = DragonQuestionViewController.h; sourceTree = "<group>"; };
		4ECB233E1587F88000F3CDCA /* DragonQuestionViewController.m */ = {isa = PBXFileReference; fileEncoding = 4; lastKnownFileType = sourcecode.c.objc; path = DragonQuestionViewController.m; sourceTree = "<group>"; };
		4ECB23401587FA1700F3CDCA /* DragonRevealedViewController.h */ = {isa = PBXFileReference; fileEncoding = 4; lastKnownFileType = sourcecode.c.h; path = DragonRevealedViewController.h; sourceTree = "<group>"; };
		4ECB23411587FA1800F3CDCA /* DragonRevealedViewController.m */ = {isa = PBXFileReference; fileEncoding = 4; lastKnownFileType = sourcecode.c.objc; path = DragonRevealedViewController.m; sourceTree = "<group>"; };
		4ECE090C158FF59200868CD0 /* SplashViewController.h */ = {isa = PBXFileReference; fileEncoding = 4; lastKnownFileType = sourcecode.c.h; path = SplashViewController.h; sourceTree = "<group>"; };
		4ECE090D158FF59200868CD0 /* SplashViewController.m */ = {isa = PBXFileReference; fileEncoding = 4; lastKnownFileType = sourcecode.c.objc; path = SplashViewController.m; sourceTree = "<group>"; };
		4ED2152D153C610700040C97 /* AVFoundation.framework */ = {isa = PBXFileReference; lastKnownFileType = wrapper.framework; name = AVFoundation.framework; path = System/Library/Frameworks/AVFoundation.framework; sourceTree = SDKROOT; };
		4ED69F2E1588CDCE00F84D92 /* MakeTeamPicturesViewController.h */ = {isa = PBXFileReference; fileEncoding = 4; lastKnownFileType = sourcecode.c.h; path = MakeTeamPicturesViewController.h; sourceTree = "<group>"; };
		4ED69F2F1588CDCE00F84D92 /* MakeTeamPicturesViewController.m */ = {isa = PBXFileReference; fileEncoding = 4; lastKnownFileType = sourcecode.c.objc; path = MakeTeamPicturesViewController.m; sourceTree = "<group>"; };
		4ED69F341588D7B500F84D92 /* i15_tussenstand_v2.wav */ = {isa = PBXFileReference; lastKnownFileType = audio.wav; path = i15_tussenstand_v2.wav; sourceTree = "<group>"; };
		4ED69F381588DB7D00F84D92 /* i08_tijdvoorbij_v2.wav */ = {isa = PBXFileReference; lastKnownFileType = audio.wav; path = i08_tijdvoorbij_v2.wav; sourceTree = "<group>"; };
		4ED69F3A1588DB9100F84D92 /* i06_tijdtiktaf.wav */ = {isa = PBXFileReference; lastKnownFileType = audio.wav; path = i06_tijdtiktaf.wav; sourceTree = "<group>"; };
		4ED69F3C1588DD1200F84D92 /* i05_carouselverderterug.wav */ = {isa = PBXFileReference; lastKnownFileType = audio.wav; path = i05_carouselverderterug.wav; sourceTree = "<group>"; };
		4ED69F3E1588E65E00F84D92 /* i10_openmenu.wav */ = {isa = PBXFileReference; lastKnownFileType = audio.wav; path = i10_openmenu.wav; sourceTree = "<group>"; };
		4ED69F401588E66300F84D92 /* i11_menu-select-close.wav */ = {isa = PBXFileReference; lastKnownFileType = audio.wav; path = "i11_menu-select-close.wav"; sourceTree = "<group>"; };
		4ED69F421588E69800F84D92 /* i09_knop-toggle.wav */ = {isa = PBXFileReference; lastKnownFileType = audio.wav; path = "i09_knop-toggle.wav"; sourceTree = "<group>"; };
		4ED69F461588E94F00F84D92 /* i13_uitslagronde_v2.wav */ = {isa = PBXFileReference; lastKnownFileType = audio.wav; path = i13_uitslagronde_v2.wav; sourceTree = "<group>"; };
		4ED69F471588E94F00F84D92 /* i14_uitslagkwestie_v2.wav */ = {isa = PBXFileReference; lastKnownFileType = audio.wav; path = i14_uitslagkwestie_v2.wav; sourceTree = "<group>"; };
		4ED69F4A1588EACE00F84D92 /* d01_nautilus_1.wav */ = {isa = PBXFileReference; lastKnownFileType = audio.wav; path = d01_nautilus_1.wav; sourceTree = "<group>"; };
		4ED69F4B1588EACE00F84D92 /* d01_nautilus_2.wav */ = {isa = PBXFileReference; lastKnownFileType = audio.wav; path = d01_nautilus_2.wav; sourceTree = "<group>"; };
		4ED69F4C1588EACE00F84D92 /* d01_nautilus_3.wav */ = {isa = PBXFileReference; lastKnownFileType = audio.wav; path = d01_nautilus_3.wav; sourceTree = "<group>"; };
		4ED69F4D1588EACE00F84D92 /* d01_nautilus_4.wav */ = {isa = PBXFileReference; lastKnownFileType = audio.wav; path = d01_nautilus_4.wav; sourceTree = "<group>"; };
		4ED69F4E1588EACE00F84D92 /* d01_nautilus_5.wav */ = {isa = PBXFileReference; lastKnownFileType = audio.wav; path = d01_nautilus_5.wav; sourceTree = "<group>"; };
		4ED69F4F1588EACE00F84D92 /* d01_nautilus_6.wav */ = {isa = PBXFileReference; lastKnownFileType = audio.wav; path = d01_nautilus_6.wav; sourceTree = "<group>"; };
		4ED69F501588EACE00F84D92 /* d01_nautilus_7.wav */ = {isa = PBXFileReference; lastKnownFileType = audio.wav; path = d01_nautilus_7.wav; sourceTree = "<group>"; };
		4ED69F511588EACE00F84D92 /* d01_nautilus_8.wav */ = {isa = PBXFileReference; lastKnownFileType = audio.wav; path = d01_nautilus_8.wav; sourceTree = "<group>"; };
		4ED69F521588EACF00F84D92 /* d01_nautilus_9.wav */ = {isa = PBXFileReference; lastKnownFileType = audio.wav; path = d01_nautilus_9.wav; sourceTree = "<group>"; };
		4ED69F531588EACF00F84D92 /* d01_nautilus_10.wav */ = {isa = PBXFileReference; lastKnownFileType = audio.wav; path = d01_nautilus_10.wav; sourceTree = "<group>"; };
		4ED69F541588EACF00F84D92 /* d01_nautilus_11.wav */ = {isa = PBXFileReference; lastKnownFileType = audio.wav; path = d01_nautilus_11.wav; sourceTree = "<group>"; };
		4ED69F601588F50600F84D92 /* d03_vogels_irritatie.wav */ = {isa = PBXFileReference; lastKnownFileType = audio.wav; path = d03_vogels_irritatie.wav; sourceTree = "<group>"; };
		4ED69F621588F53C00F84D92 /* d02_vleekhoorn_denktvogel.wav */ = {isa = PBXFileReference; lastKnownFileType = audio.wav; path = d02_vleekhoorn_denktvogel.wav; sourceTree = "<group>"; };
		4ED69F641588F5A600F84D92 /* AnimalUnderstandsResponseViewController.h */ = {isa = PBXFileReference; fileEncoding = 4; lastKnownFileType = sourcecode.c.h; path = AnimalUnderstandsResponseViewController.h; sourceTree = "<group>"; };
		4ED69F651588F5A600F84D92 /* AnimalUnderstandsResponseViewController.m */ = {isa = PBXFileReference; fileEncoding = 4; lastKnownFileType = sourcecode.c.objc; path = AnimalUnderstandsResponseViewController.m; sourceTree = "<group>"; };
		4ED69F671588F63100F84D92 /* d04_vleekhoorn_snapt.wav */ = {isa = PBXFileReference; lastKnownFileType = audio.wav; path = d04_vleekhoorn_snapt.wav; sourceTree = "<group>"; };
		4ED69F691588F69A00F84D92 /* d05_vogels_opgelucht.wav */ = {isa = PBXFileReference; lastKnownFileType = audio.wav; path = d05_vogels_opgelucht.wav; sourceTree = "<group>"; };
		4ED69F6B1588F8DF00F84D92 /* d06_zeepaling_reptielverdriet.wav */ = {isa = PBXFileReference; lastKnownFileType = audio.wav; path = d06_zeepaling_reptielverdriet.wav; sourceTree = "<group>"; };
		4ED69F6C1588F8DF00F84D92 /* d07_vissen_hulp.wav */ = {isa = PBXFileReference; lastKnownFileType = audio.wav; path = d07_vissen_hulp.wav; sourceTree = "<group>"; };
		4ED69F6F1588F93600F84D92 /* d08_zeepaling_snapt.wav */ = {isa = PBXFileReference; lastKnownFileType = audio.wav; path = d08_zeepaling_snapt.wav; sourceTree = "<group>"; };
		4ED69F701588F93600F84D92 /* d09_vissen_opgelucht.wav */ = {isa = PBXFileReference; lastKnownFileType = audio.wav; path = d09_vissen_opgelucht.wav; sourceTree = "<group>"; };
		4ED69F731588F98B00F84D92 /* d14_alledierenblij_einde_v2.wav */ = {isa = PBXFileReference; lastKnownFileType = audio.wav; path = d14_alledierenblij_einde_v2.wav; sourceTree = "<group>"; };
		4ED69F7515890A1E00F84D92 /* DragonStartViewController.h */ = {isa = PBXFileReference; fileEncoding = 4; lastKnownFileType = sourcecode.c.h; path = DragonStartViewController.h; sourceTree = "<group>"; };
		4ED69F7615890A1F00F84D92 /* DragonStartViewController.m */ = {isa = PBXFileReference; fileEncoding = 4; lastKnownFileType = sourcecode.c.objc; path = DragonStartViewController.m; sourceTree = "<group>"; };
		4ED69F781589E40B00F84D92 /* d10_draak_wiebenik_v4.wav */ = {isa = PBXFileReference; lastKnownFileType = audio.wav; path = d10_draak_wiebenik_v4.wav; sourceTree = "<group>"; };
		4ED69F791589E40B00F84D92 /* d11_reptielen_watisdraak_v2.wav */ = {isa = PBXFileReference; lastKnownFileType = audio.wav; path = d11_reptielen_watisdraak_v2.wav; sourceTree = "<group>"; };
		4ED69F7A1589E40C00F84D92 /* d12_draak_inderdaadvis_v4.wav */ = {isa = PBXFileReference; lastKnownFileType = audio.wav; path = d12_draak_inderdaadvis_v4.wav; sourceTree = "<group>"; };
		4ED69F7B1589E40D00F84D92 /* d13_reptielen_opgelucht_v2.wav */ = {isa = PBXFileReference; lastKnownFileType = audio.wav; path = d13_reptielen_opgelucht_v2.wav; sourceTree = "<group>"; };
		4ED69F80158A737600F84D92 /* i07_tijdtiktlaatstesec_v3.wav */ = {isa = PBXFileReference; lastKnownFileType = audio.wav; path = i07_tijdtiktlaatstesec_v3.wav; sourceTree = "<group>"; };
		4EDEFAD5152B359D00324EDB /* FeaturePicture.h */ = {isa = PBXFileReference; fileEncoding = 4; lastKnownFileType = sourcecode.c.h; path = FeaturePicture.h; sourceTree = "<group>"; };
		4EDEFAD6152B359D00324EDB /* FeaturePicture.m */ = {isa = PBXFileReference; fileEncoding = 4; lastKnownFileType = sourcecode.c.objc; path = FeaturePicture.m; sourceTree = "<group>"; };
		4EDEFAD8152B426300324EDB /* FeaturePickerViewController.h */ = {isa = PBXFileReference; fileEncoding = 4; lastKnownFileType = sourcecode.c.h; path = FeaturePickerViewController.h; sourceTree = "<group>"; };
		4EDEFAD9152B426300324EDB /* FeaturePickerViewController.m */ = {isa = PBXFileReference; fileEncoding = 4; lastKnownFileType = sourcecode.c.objc; path = FeaturePickerViewController.m; sourceTree = "<group>"; };
		4EE1E1BD152625E800A8C6CF /* FirstIssueIntroductionViewController.h */ = {isa = PBXFileReference; fileEncoding = 4; lastKnownFileType = sourcecode.c.h; path = FirstIssueIntroductionViewController.h; sourceTree = "<group>"; };
		4EE1E1BE152625E800A8C6CF /* FirstIssueIntroductionViewController.m */ = {isa = PBXFileReference; fileEncoding = 4; lastKnownFileType = sourcecode.c.objc; path = FirstIssueIntroductionViewController.m; sourceTree = "<group>"; };
		4EEFC16418F85B8900522BE0 /* HockeySDK.framework */ = {isa = PBXFileReference; lastKnownFileType = wrapper.framework; path = HockeySDK.framework; sourceTree = "<group>"; };
		4EEFC16618F85B8900522BE0 /* HockeySDK.xcconfig */ = {isa = PBXFileReference; fileEncoding = 4; lastKnownFileType = text.xcconfig; path = HockeySDK.xcconfig; sourceTree = "<group>"; };
		4EEFC16718F85B8900522BE0 /* HockeySDKResources.bundle */ = {isa = PBXFileReference; lastKnownFileType = "wrapper.plug-in"; path = HockeySDKResources.bundle; sourceTree = "<group>"; };
		4EEFC16B18F85CE400522BE0 /* QuartzCore.framework */ = {isa = PBXFileReference; lastKnownFileType = wrapper.framework; name = QuartzCore.framework; path = System/Library/Frameworks/QuartzCore.framework; sourceTree = SDKROOT; };
		4EEFC16D18F85CEF00522BE0 /* CoreText.framework */ = {isa = PBXFileReference; lastKnownFileType = wrapper.framework; name = CoreText.framework; path = System/Library/Frameworks/CoreText.framework; sourceTree = SDKROOT; };
		4EEFC16F18F85CFE00522BE0 /* Security.framework */ = {isa = PBXFileReference; lastKnownFileType = wrapper.framework; name = Security.framework; path = System/Library/Frameworks/Security.framework; sourceTree = SDKROOT; };
		4EF7F24C159697A200DD9C63 /* IssueSplashViewController.h */ = {isa = PBXFileReference; fileEncoding = 4; lastKnownFileType = sourcecode.c.h; path = IssueSplashViewController.h; sourceTree = "<group>"; };
		4EF7F24D159697A200DD9C63 /* IssueSplashViewController.m */ = {isa = PBXFileReference; fileEncoding = 4; lastKnownFileType = sourcecode.c.objc; path = IssueSplashViewController.m; sourceTree = "<group>"; };
/* End PBXFileReference section */

/* Begin PBXFrameworksBuildPhase section */
		4EAE98D3151A618A0051C926 /* Frameworks */ = {
			isa = PBXFrameworksBuildPhase;
			buildActionMask = 2147483647;
			files = (
				4E4346C5171EB6E100B93D50 /* SystemConfiguration.framework in Frameworks */,
				4EEFC17018F85CFE00522BE0 /* Security.framework in Frameworks */,
				4EEFC16E18F85CEF00522BE0 /* CoreText.framework in Frameworks */,
				4EEFC16C18F85CE400522BE0 /* QuartzCore.framework in Frameworks */,
				4ED2152E153C610700040C97 /* AVFoundation.framework in Frameworks */,
				4E4EECEF1588BDEF0018170C /* AudioToolbox.framework in Frameworks */,
				4E4EECED1588BDE80018170C /* OpenAL.framework in Frameworks */,
				4EAF06C5153C8FA500BE1CAA /* CoreVideo.framework in Frameworks */,
				4EAF06C3153C8FA100BE1CAA /* CoreMedia.framework in Frameworks */,
				4EAF06C1153C8F5100BE1CAA /* ImageIO.framework in Frameworks */,
				4EAE98DB151A618A0051C926 /* UIKit.framework in Frameworks */,
				4EAE98DD151A618A0051C926 /* Foundation.framework in Frameworks */,
				4EEFC16818F85B8900522BE0 /* HockeySDK.framework in Frameworks */,
				4EAE98DF151A618A0051C926 /* CoreGraphics.framework in Frameworks */,
			);
			runOnlyForDeploymentPostprocessing = 0;
		};
/* End PBXFrameworksBuildPhase section */

/* Begin PBXGroup section */
		47E2596B1833EBE2003C25CC /* fonts */ = {
			isa = PBXGroup;
			children = (
				47E259671833EBD4003C25CC /* Linden Hill Italic.otf */,
				47E259681833EBD4003C25CC /* Linden Hill.otf */,
			);
			name = fonts;
			sourceTree = "<group>";
		};
		4E3326B4151A68C200CEC850 /* assets */ = {
			isa = PBXGroup;
			children = (
				47E2596B1833EBE2003C25CC /* fonts */,
				4E4EECF01588C2480018170C /* audio */,
				4E4D8F9D152CCFCD00E898D5 /* Features.plist */,
			);
			name = assets;
			sourceTree = "<group>";
		};
		4E4346C2171EB6A500B93D50 /* Products */ = {
			isa = PBXGroup;
			name = Products;
			sourceTree = "<group>";
		};
		4E4EECDD1588BDC00018170C /* CocosDenshion */ = {
			isa = PBXGroup;
			children = (
				4EA7E21C159DE72900B179BF /* CDAudioManager.h */,
				4EA7E21D159DE72900B179BF /* CDAudioManager.m */,
				4EA7E21E159DE72900B179BF /* CDConfig.h */,
				4EA7E21F159DE72900B179BF /* CDOpenALSupport.h */,
				4EA7E220159DE72900B179BF /* CDOpenALSupport.m */,
				4EA7E221159DE72900B179BF /* CocosDenshion.h */,
				4EA7E222159DE72900B179BF /* CocosDenshion.m */,
				4EA7E223159DE72900B179BF /* SimpleAudioEngine.h */,
				4EA7E224159DE72900B179BF /* SimpleAudioEngine.m */,
			);
			path = CocosDenshion;
			sourceTree = "<group>";
		};
		4E4EECF01588C2480018170C /* audio */ = {
			isa = PBXGroup;
			children = (
				4ED69F4A1588EACE00F84D92 /* d01_nautilus_1.wav */,
				4ED69F531588EACF00F84D92 /* d01_nautilus_10.wav */,
				4ED69F541588EACF00F84D92 /* d01_nautilus_11.wav */,
				4ED69F4B1588EACE00F84D92 /* d01_nautilus_2.wav */,
				4ED69F4C1588EACE00F84D92 /* d01_nautilus_3.wav */,
				4ED69F4D1588EACE00F84D92 /* d01_nautilus_4.wav */,
				4ED69F4E1588EACE00F84D92 /* d01_nautilus_5.wav */,
				4ED69F4F1588EACE00F84D92 /* d01_nautilus_6.wav */,
				4ED69F501588EACE00F84D92 /* d01_nautilus_7.wav */,
				4ED69F511588EACE00F84D92 /* d01_nautilus_8.wav */,
				4ED69F521588EACF00F84D92 /* d01_nautilus_9.wav */,
				4ED69F621588F53C00F84D92 /* d02_vleekhoorn_denktvogel.wav */,
				4ED69F601588F50600F84D92 /* d03_vogels_irritatie.wav */,
				4ED69F671588F63100F84D92 /* d04_vleekhoorn_snapt.wav */,
				4ED69F691588F69A00F84D92 /* d05_vogels_opgelucht.wav */,
				4ED69F6B1588F8DF00F84D92 /* d06_zeepaling_reptielverdriet.wav */,
				4ED69F6C1588F8DF00F84D92 /* d07_vissen_hulp.wav */,
				4ED69F6F1588F93600F84D92 /* d08_zeepaling_snapt.wav */,
				4ED69F701588F93600F84D92 /* d09_vissen_opgelucht.wav */,
				4E3D23B6159F391600112E9C /* d10_draak_wiebenik_v3.wav */,
				4ED69F781589E40B00F84D92 /* d10_draak_wiebenik_v4.wav */,
				4ED69F791589E40B00F84D92 /* d11_reptielen_watisdraak_v2.wav */,
				4ED69F7A1589E40C00F84D92 /* d12_draak_inderdaadvis_v4.wav */,
				4ED69F7B1589E40D00F84D92 /* d13_reptielen_opgelucht_v2.wav */,
				4ED69F731588F98B00F84D92 /* d14_alledierenblij_einde_v2.wav */,
				4E4EECF11588C2570018170C /* i01_openingsscherm_v2.wav */,
				4E4EECF31588C3B80018170C /* i02_schermverder.wav */,
				4E4EECF41588C3B80018170C /* i03_schermterug.wav */,
				4E94ACF8159A1527003AB362 /* i04_neemfoto_v4.wav */,
				4ED69F3C1588DD1200F84D92 /* i05_carouselverderterug.wav */,
				4ED69F3A1588DB9100F84D92 /* i06_tijdtiktaf.wav */,
				4ED69F80158A737600F84D92 /* i07_tijdtiktlaatstesec_v3.wav */,
				4ED69F381588DB7D00F84D92 /* i08_tijdvoorbij_v2.wav */,
				4ED69F421588E69800F84D92 /* i09_knop-toggle.wav */,
				4ED69F3E1588E65E00F84D92 /* i10_openmenu.wav */,
				4ED69F401588E66300F84D92 /* i11_menu-select-close.wav */,
				4ED69F461588E94F00F84D92 /* i13_uitslagronde_v2.wav */,
				4ED69F471588E94F00F84D92 /* i14_uitslagkwestie_v2.wav */,
				4ED69F341588D7B500F84D92 /* i15_tussenstand_v2.wav */,
			);
			name = audio;
			sourceTree = "<group>";
		};
		4EAE98CB151A61890051C926 = {
			isa = PBXGroup;
			children = (
				47E259641832E463003C25CC /* Beestenbende iPad Images.xcassets */,
				4E4346C1171EB6A500B93D50 /* Beestenbende.xcodeproj */,
				4E3326B4151A68C200CEC850 /* assets */,
				4EAE98D9151A618A0051C926 /* Frameworks */,
				4EAE98E0151A618A0051C926 /* Gesjeesde Native */,
				4EAE98D7151A618A0051C926 /* Products */,
			);
			sourceTree = "<group>";
		};
		4EAE98D7151A618A0051C926 /* Products */ = {
			isa = PBXGroup;
			children = (
				4EAE98D6151A618A0051C926 /* Beestenbende iPad.app */,
			);
			name = Products;
			sourceTree = "<group>";
		};
		4EAE98D9151A618A0051C926 /* Frameworks */ = {
			isa = PBXGroup;
			children = (
				4EEFC16F18F85CFE00522BE0 /* Security.framework */,
				4EEFC16D18F85CEF00522BE0 /* CoreText.framework */,
				4EEFC16B18F85CE400522BE0 /* QuartzCore.framework */,
				4EEFC16318F85B8900522BE0 /* HockeySDK.embeddedframework */,
				4E4EECEC1588BDE80018170C /* OpenAL.framework */,
				4E4346C4171EB6E100B93D50 /* SystemConfiguration.framework */,
				4E4EECEE1588BDEF0018170C /* AudioToolbox.framework */,
				4EAF06C4153C8FA500BE1CAA /* CoreVideo.framework */,
				4EAF06C2153C8FA100BE1CAA /* CoreMedia.framework */,
				4EAF06C0153C8F5100BE1CAA /* ImageIO.framework */,
				4ED2152D153C610700040C97 /* AVFoundation.framework */,
				4EAE98DA151A618A0051C926 /* UIKit.framework */,
				4EAE98DC151A618A0051C926 /* Foundation.framework */,
				4EAE98DE151A618A0051C926 /* CoreGraphics.framework */,
			);
			name = Frameworks;
			sourceTree = "<group>";
		};
		4EAE98E0151A618A0051C926 /* Gesjeesde Native */ = {
			isa = PBXGroup;
			children = (
				4E6E2A021593DBCC000EA338 /* AnimalPartsViewController.h */,
				4E6E2A031593DBCC000EA338 /* AnimalPartsViewController.m */,
				4ED69F641588F5A600F84D92 /* AnimalUnderstandsResponseViewController.h */,
				4ED69F651588F5A600F84D92 /* AnimalUnderstandsResponseViewController.m */,
				4ECB233A1587F61500F3CDCA /* AnimalUnderstandsViewController.h */,
				4ECB233B1587F61700F3CDCA /* AnimalUnderstandsViewController.m */,
				4EAE98E9151A618A0051C926 /* AppDelegate.h */,
				4EAE98EA151A618A0051C926 /* AppDelegate.m */,
				4E4EECDD1588BDC00018170C /* CocosDenshion */,
				4E3326B5151A909000CEC850 /* CreditsViewController.h */,
				4E3326B6151A909000CEC850 /* CreditsViewController.m */,
				4ED21521153C3BD300040C97 /* Custom */,
				4E110FC6154FFA7600935443 /* DragonClassViewController.h */,
				4E110FC7154FFA7600935443 /* DragonClassViewController.m */,
				4E755769154D94FF009A9E51 /* DragonExplanationViewController.h */,
				4E75576A154D9500009A9E51 /* DragonExplanationViewController.m */,
				4E75576D154D98F7009A9E51 /* DragonIntroductionViewController.h */,
				4E75576E154D98F7009A9E51 /* DragonIntroductionViewController.m */,
				4E4A4DF5154ECA1B009785BD /* DragonLabelViewController.h */,
				4E4A4DF6154ECA1B009785BD /* DragonLabelViewController.m */,
				4E4A4DF1154EB719009785BD /* DragonPictureViewController.h */,
				4E4A4DF2154EB719009785BD /* DragonPictureViewController.m */,
				4ECB233D1587F87F00F3CDCA /* DragonQuestionViewController.h */,
				4ECB233E1587F88000F3CDCA /* DragonQuestionViewController.m */,
				4EC83235154F38FF006E7AC6 /* DragonResolutionViewController.h */,
				4EC83236154F3900006E7AC6 /* DragonResolutionViewController.m */,
				4EC8322E154ED0AB006E7AC6 /* DragonResultViewController.h */,
				4EC8322F154ED0AB006E7AC6 /* DragonResultViewController.m */,
				4ECB23401587FA1700F3CDCA /* DragonRevealedViewController.h */,
				4ECB23411587FA1800F3CDCA /* DragonRevealedViewController.m */,
				4ED69F7515890A1E00F84D92 /* DragonStartViewController.h */,
				4ED69F7615890A1F00F84D92 /* DragonStartViewController.m */,
				4EC83232154EE26C006E7AC6 /* EndScreenViewController.h */,
				4EC83233154EE26C006E7AC6 /* EndScreenViewController.m */,
				4E0D5F37152E69DD00009EC0 /* ExplainFeatureViewController.h */,
				4E0D5F38152E69DD00009EC0 /* ExplainFeatureViewController.m */,
				4E6E2A061593DF6C000EA338 /* ExplanationViewController.h */,
				4E6E2A071593DF6C000EA338 /* ExplanationViewController.m */,
				4E08C311152489BF00F3CDC7 /* FeatureExampleViewController.h */,
				4E08C312152489BF00F3CDC7 /* FeatureExampleViewController.m */,
				4EDEFAD8152B426300324EDB /* FeaturePickerViewController.h */,
				4EDEFAD9152B426300324EDB /* FeaturePickerViewController.m */,
				4E6D61ED1525F799009D27B0 /* FeaturePictureViewController.h */,
				4E6D61EE1525F799009D27B0 /* FeaturePictureViewController.m */,
				4E08C31415248CAA00F3CDC7 /* FirstIssueExplanationViewController.h */,
				4E08C31515248CAA00F3CDC7 /* FirstIssueExplanationViewController.m */,
				4EE1E1BD152625E800A8C6CF /* FirstIssueIntroductionViewController.h */,
				4EE1E1BE152625E800A8C6CF /* FirstIssueIntroductionViewController.m */,
				4E42820F1546C13C009FD991 /* IntermediaryScoresViewController.h */,
				4E4282101546C13D009FD991 /* IntermediaryScoresViewController.m */,
				4EC4012B152E09A10005EC5C /* IssueScoresViewController.h */,
				4EC4012C152E09A10005EC5C /* IssueScoresViewController.m */,
				4EF7F24C159697A200DD9C63 /* IssueSplashViewController.h */,
				4EF7F24D159697A200DD9C63 /* IssueSplashViewController.m */,
				4EAE98EC151A618A0051C926 /* MainStoryboard.storyboard */,
				4ED69F2E1588CDCE00F84D92 /* MakeTeamPicturesViewController.h */,
				4ED69F2F1588CDCE00F84D92 /* MakeTeamPicturesViewController.m */,
				4E428203154425F8009FD991 /* MakeTeamsViewController.h */,
				4E428204154425F8009FD991 /* MakeTeamsViewController.m */,
				4E4EECF71588C6050018170C /* MapViewController.h */,
				4E4EECF81588C6050018170C /* MapViewController.m */,
				4E3326B8151A91B200CEC850 /* MenuViewController.h */,
				4E3326B9151A91B200CEC850 /* MenuViewController.m */,
				4EDEFAD3152B304D00324EDB /* Model */,
				4E50320515497AD80028880F /* MostPicturesViewController.h */,
				4E50320615497AD80028880F /* MostPicturesViewController.m */,
				4E4D8F9F152D02D100E898D5 /* PresentFeatureViewController.h */,
				4E4D8FA0152D02D100E898D5 /* PresentFeatureViewController.m */,
				4E42820C1545F9B8009FD991 /* SecondIssueExplanationViewController.h */,
				4E42820D1545F9BA009FD991 /* SecondIssueExplanationViewController.m */,
				4E3385DB154043AF00E740BB /* SecondIssueIntroductionViewController.h */,
				4E3385DC154043AF00E740BB /* SecondIssueIntroductionViewController.m */,
				4ECE090C158FF59200868CD0 /* SplashViewController.h */,
				4ECE090D158FF59200868CD0 /* SplashViewController.m */,
				4EAE98E1151A618A0051C926 /* Supporting Files */,
				4E42820715447EBC009FD991 /* TeamFlipViewController.h */,
				4E42820815447EBD009FD991 /* TeamFlipViewController.m */,
				4EA0F263151B54AC00B12716 /* TeamPictureViewController.h */,
				4EA0F264151B54AC00B12716 /* TeamPictureViewController.m */,
				4E4D8FAB152D0A3100E898D5 /* TeamRunningTotalViewController.h */,
				4E4D8FAC152D0A3100E898D5 /* TeamRunningTotalViewController.m */,
				4EAE98EF151A618A0051C926 /* ViewController.h */,
				4EAE98F0151A618A0051C926 /* ViewController.m */,
				4E80ADC8151FCA22001CBA7E /* WelcomeViewController.h */,
				4E80ADC9151FCA22001CBA7E /* WelcomeViewController.m */,
			);
			path = "Gesjeesde Native";
			sourceTree = "<group>";
		};
		4EAE98E1151A618A0051C926 /* Supporting Files */ = {
			isa = PBXGroup;
			children = (
				4EAE98E2151A618A0051C926 /* Gesjeesde Native-Info.plist */,
				4EAE98E3151A618A0051C926 /* InfoPlist.strings */,
				4EAE98E6151A618A0051C926 /* main.m */,
				4EAE98E8151A618A0051C926 /* Gesjeesde Native-Prefix.pch */,
			);
			name = "Supporting Files";
			sourceTree = "<group>";
		};
		4ED21521153C3BD300040C97 /* Custom */ = {
			isa = PBXGroup;
			children = (
				4EAF06BC153C85C300BE1CAA /* CaptureSessionManager.h */,
				4EAF06BD153C85C300BE1CAA /* CaptureSessionManager.m */,
				4EAF06C6153D808800BE1CAA /* UIImage+Extras.h */,
				4EAF06C7153D808900BE1CAA /* UIImage+Extras.m */,
				4EA442761833EEE600AD3154 /* CustomFontLabel.h */,
				4EA442771833EEE600AD3154 /* CustomFontLabel.m */,
				4EA442791833F2C100AD3154 /* CustomFontButton.h */,
				4EA4427A1833F2C100AD3154 /* CustomFontButton.m */,
				4EA4427C183529C700AD3154 /* CustomItalicFontLabel.h */,
				4EA4427D183529C700AD3154 /* CustomItalicFontLabel.m */,
			);
			name = Custom;
			sourceTree = "<group>";
		};
		4EDEFAD3152B304D00324EDB /* Model */ = {
			isa = PBXGroup;
			children = (
				4EA62E2815249B4100E74E64 /* Game.h */,
				4EA62E2915249B4100E74E64 /* Game.m */,
				4EA62E2C15249B9D00E74E64 /* Team.h */,
				4EA62E2D15249B9D00E74E64 /* Team.m */,
				4EDEFAD5152B359D00324EDB /* FeaturePicture.h */,
				4EDEFAD6152B359D00324EDB /* FeaturePicture.m */,
			);
			name = Model;
			sourceTree = "<group>";
		};
		4EEFC16318F85B8900522BE0 /* HockeySDK.embeddedframework */ = {
			isa = PBXGroup;
			children = (
				4EEFC16418F85B8900522BE0 /* HockeySDK.framework */,
				4EEFC16518F85B8900522BE0 /* Resources */,
			);
			name = HockeySDK.embeddedframework;
			path = "HockeySDK-iOS/HockeySDK.embeddedframework";
			sourceTree = "<group>";
		};
		4EEFC16518F85B8900522BE0 /* Resources */ = {
			isa = PBXGroup;
			children = (
				4EEFC16618F85B8900522BE0 /* HockeySDK.xcconfig */,
				4EEFC16718F85B8900522BE0 /* HockeySDKResources.bundle */,
			);
			path = Resources;
			sourceTree = "<group>";
		};
/* End PBXGroup section */

/* Begin PBXNativeTarget section */
		4EAE98D5151A618A0051C926 /* BeestenbendeiPad */ = {
			isa = PBXNativeTarget;
			buildConfigurationList = 4EAE98F4151A618A0051C926 /* Build configuration list for PBXNativeTarget "BeestenbendeiPad" */;
			buildPhases = (
				4EAE98D2151A618A0051C926 /* Sources */,
				4EAE98D3151A618A0051C926 /* Frameworks */,
				4EAE98D4151A618A0051C926 /* Resources */,
			);
			buildRules = (
			);
			dependencies = (
			);
			name = BeestenbendeiPad;
			productName = "Gesjeesde Native";
			productReference = 4EAE98D6151A618A0051C926 /* Beestenbende iPad.app */;
			productType = "com.apple.product-type.application";
		};
/* End PBXNativeTarget section */

/* Begin PBXProject section */
		4EAE98CD151A61890051C926 /* Project object */ = {
			isa = PBXProject;
			attributes = {
				LastUpgradeCheck = 0510;
				ORGANIZATIONNAME = Hubbub;
				TargetAttributes = {
					4EAE98D5151A618A0051C926 = {
						DevelopmentTeam = 7MZ2LL3346;
					};
				};
			};
			buildConfigurationList = 4EAE98D0151A61890051C926 /* Build configuration list for PBXProject "Beestenbende" */;
			compatibilityVersion = "Xcode 3.2";
			developmentRegion = English;
			hasScannedForEncodings = 0;
			knownRegions = (
				en,
			);
			mainGroup = 4EAE98CB151A61890051C926;
			productRefGroup = 4EAE98D7151A618A0051C926 /* Products */;
			projectDirPath = "";
			projectReferences = (
				{
					ProductGroup = 4E4346C2171EB6A500B93D50 /* Products */;
					ProjectRef = 4E4346C1171EB6A500B93D50 /* Beestenbende.xcodeproj */;
				},
			);
			projectRoot = "";
			targets = (
				4EAE98D5151A618A0051C926 /* BeestenbendeiPad */,
			);
		};
/* End PBXProject section */

/* Begin PBXResourcesBuildPhase section */
		4EAE98D4151A618A0051C926 /* Resources */ = {
			isa = PBXResourcesBuildPhase;
			buildActionMask = 2147483647;
			files = (
				4EAE98E5151A618A0051C926 /* InfoPlist.strings in Resources */,
				4EAE98EE151A618A0051C926 /* MainStoryboard.storyboard in Resources */,
				4E4D8F9E152CCFCD00E898D5 /* Features.plist in Resources */,
				4E4EECF21588C2570018170C /* i01_openingsscherm_v2.wav in Resources */,
				4E4EECF51588C3B80018170C /* i02_schermverder.wav in Resources */,
				4E4EECF61588C3B80018170C /* i03_schermterug.wav in Resources */,
				4ED69F351588D7B500F84D92 /* i15_tussenstand_v2.wav in Resources */,
				4ED69F391588DB7D00F84D92 /* i08_tijdvoorbij_v2.wav in Resources */,
				4ED69F3B1588DB9100F84D92 /* i06_tijdtiktaf.wav in Resources */,
				4ED69F3D1588DD1200F84D92 /* i05_carouselverderterug.wav in Resources */,
				4ED69F3F1588E65E00F84D92 /* i10_openmenu.wav in Resources */,
				4ED69F411588E66400F84D92 /* i11_menu-select-close.wav in Resources */,
				4ED69F431588E69800F84D92 /* i09_knop-toggle.wav in Resources */,
				4ED69F481588E94F00F84D92 /* i13_uitslagronde_v2.wav in Resources */,
				4ED69F491588E94F00F84D92 /* i14_uitslagkwestie_v2.wav in Resources */,
				4ED69F551588EACF00F84D92 /* d01_nautilus_1.wav in Resources */,
				4ED69F561588EACF00F84D92 /* d01_nautilus_2.wav in Resources */,
				4ED69F571588EACF00F84D92 /* d01_nautilus_3.wav in Resources */,
				4ED69F581588EACF00F84D92 /* d01_nautilus_4.wav in Resources */,
				4ED69F591588EACF00F84D92 /* d01_nautilus_5.wav in Resources */,
				4ED69F5A1588EACF00F84D92 /* d01_nautilus_6.wav in Resources */,
				4ED69F5B1588EACF00F84D92 /* d01_nautilus_7.wav in Resources */,
				4ED69F5C1588EACF00F84D92 /* d01_nautilus_8.wav in Resources */,
				4ED69F5D1588EACF00F84D92 /* d01_nautilus_9.wav in Resources */,
				4ED69F5E1588EACF00F84D92 /* d01_nautilus_10.wav in Resources */,
				4ED69F5F1588EACF00F84D92 /* d01_nautilus_11.wav in Resources */,
				4ED69F611588F50600F84D92 /* d03_vogels_irritatie.wav in Resources */,
				4ED69F631588F53C00F84D92 /* d02_vleekhoorn_denktvogel.wav in Resources */,
				4EEFC16A18F85B8900522BE0 /* HockeySDKResources.bundle in Resources */,
				4ED69F681588F63100F84D92 /* d04_vleekhoorn_snapt.wav in Resources */,
				4ED69F6A1588F69A00F84D92 /* d05_vogels_opgelucht.wav in Resources */,
				4ED69F6D1588F8DF00F84D92 /* d06_zeepaling_reptielverdriet.wav in Resources */,
				4ED69F6E1588F8DF00F84D92 /* d07_vissen_hulp.wav in Resources */,
				4ED69F711588F93600F84D92 /* d08_zeepaling_snapt.wav in Resources */,
				4ED69F721588F93600F84D92 /* d09_vissen_opgelucht.wav in Resources */,
				4ED69F741588F98B00F84D92 /* d14_alledierenblij_einde_v2.wav in Resources */,
				4ED69F7C1589E40D00F84D92 /* d10_draak_wiebenik_v4.wav in Resources */,
				4EEFC16918F85B8900522BE0 /* HockeySDK.xcconfig in Resources */,
				4ED69F7D1589E40D00F84D92 /* d11_reptielen_watisdraak_v2.wav in Resources */,
				4ED69F7E1589E40D00F84D92 /* d12_draak_inderdaadvis_v4.wav in Resources */,
				4ED69F7F1589E40D00F84D92 /* d13_reptielen_opgelucht_v2.wav in Resources */,
				4ED69F81158A737700F84D92 /* i07_tijdtiktlaatstesec_v3.wav in Resources */,
				47E259691833EBD4003C25CC /* Linden Hill Italic.otf in Resources */,
				47E2596A1833EBD4003C25CC /* Linden Hill.otf in Resources */,
				4E94ACF9159A1527003AB362 /* i04_neemfoto_v4.wav in Resources */,
				47E259651832E463003C25CC /* Beestenbende iPad Images.xcassets in Resources */,
				4E3D23B7159F391600112E9C /* d10_draak_wiebenik_v3.wav in Resources */,
			);
			runOnlyForDeploymentPostprocessing = 0;
		};
/* End PBXResourcesBuildPhase section */

/* Begin PBXSourcesBuildPhase section */
		4EAE98D2151A618A0051C926 /* Sources */ = {
			isa = PBXSourcesBuildPhase;
			buildActionMask = 2147483647;
			files = (
				4EAE98E7151A618A0051C926 /* main.m in Sources */,
				4EAE98EB151A618A0051C926 /* AppDelegate.m in Sources */,
				4EAE98F1151A618A0051C926 /* ViewController.m in Sources */,
				4E3326B7151A909000CEC850 /* CreditsViewController.m in Sources */,
				4E3326BA151A91B200CEC850 /* MenuViewController.m in Sources */,
				4EA0F265151B54AC00B12716 /* TeamPictureViewController.m in Sources */,
				4E80ADCA151FCA22001CBA7E /* WelcomeViewController.m in Sources */,
				4E08C313152489BF00F3CDC7 /* FeatureExampleViewController.m in Sources */,
				4E08C31615248CAA00F3CDC7 /* FirstIssueExplanationViewController.m in Sources */,
				4EA62E2A15249B4100E74E64 /* Game.m in Sources */,
				4EA62E2E15249B9D00E74E64 /* Team.m in Sources */,
				4E6D61EF1525F79A009D27B0 /* FeaturePictureViewController.m in Sources */,
				4EA4427E183529C700AD3154 /* CustomItalicFontLabel.m in Sources */,
				4EE1E1BF152625E800A8C6CF /* FirstIssueIntroductionViewController.m in Sources */,
				4EDEFAD7152B359D00324EDB /* FeaturePicture.m in Sources */,
				4EDEFADA152B426300324EDB /* FeaturePickerViewController.m in Sources */,
				4EA4427B1833F2C100AD3154 /* CustomFontButton.m in Sources */,
				4E4D8FA1152D02D200E898D5 /* PresentFeatureViewController.m in Sources */,
				4E4D8FAD152D0A3100E898D5 /* TeamRunningTotalViewController.m in Sources */,
				4EC4012D152E09A10005EC5C /* IssueScoresViewController.m in Sources */,
				4E0D5F39152E69DD00009EC0 /* ExplainFeatureViewController.m in Sources */,
				4EAF06BE153C85C300BE1CAA /* CaptureSessionManager.m in Sources */,
				4EAF06C8153D808900BE1CAA /* UIImage+Extras.m in Sources */,
				4E3385DD154043AF00E740BB /* SecondIssueIntroductionViewController.m in Sources */,
				4E428205154425F8009FD991 /* MakeTeamsViewController.m in Sources */,
				4E42820915447EBD009FD991 /* TeamFlipViewController.m in Sources */,
				4E42820E1545F9BA009FD991 /* SecondIssueExplanationViewController.m in Sources */,
				4E4282111546C13E009FD991 /* IntermediaryScoresViewController.m in Sources */,
				4E50320715497AD80028880F /* MostPicturesViewController.m in Sources */,
				4E75576B154D9500009A9E51 /* DragonExplanationViewController.m in Sources */,
				4E75576F154D98F7009A9E51 /* DragonIntroductionViewController.m in Sources */,
				4E4A4DF3154EB719009785BD /* DragonPictureViewController.m in Sources */,
				4E4A4DF7154ECA1B009785BD /* DragonLabelViewController.m in Sources */,
				4EC83230154ED0AB006E7AC6 /* DragonResultViewController.m in Sources */,
				4EC83234154EE26C006E7AC6 /* EndScreenViewController.m in Sources */,
				4EC83237154F3901006E7AC6 /* DragonResolutionViewController.m in Sources */,
				4E110FC8154FFA7700935443 /* DragonClassViewController.m in Sources */,
				4ECB233C1587F61700F3CDCA /* AnimalUnderstandsViewController.m in Sources */,
				4ECB233F1587F88200F3CDCA /* DragonQuestionViewController.m in Sources */,
				4ECB23421587FA1A00F3CDCA /* DragonRevealedViewController.m in Sources */,
				4E4EECF91588C6050018170C /* MapViewController.m in Sources */,
				4ED69F301588CDCF00F84D92 /* MakeTeamPicturesViewController.m in Sources */,
				4ED69F661588F5A700F84D92 /* AnimalUnderstandsResponseViewController.m in Sources */,
				4ED69F7715890A2100F84D92 /* DragonStartViewController.m in Sources */,
				4ECE090E158FF59200868CD0 /* SplashViewController.m in Sources */,
				4E6E2A041593DBCC000EA338 /* AnimalPartsViewController.m in Sources */,
				4E6E2A081593DF6C000EA338 /* ExplanationViewController.m in Sources */,
				4EF7F24E159697A200DD9C63 /* IssueSplashViewController.m in Sources */,
				4EA7E225159DE72900B179BF /* CDAudioManager.m in Sources */,
				4EA7E226159DE72900B179BF /* CDOpenALSupport.m in Sources */,
				4EA7E227159DE72900B179BF /* CocosDenshion.m in Sources */,
				4EA442781833EEE600AD3154 /* CustomFontLabel.m in Sources */,
				4EA7E228159DE72900B179BF /* SimpleAudioEngine.m in Sources */,
			);
			runOnlyForDeploymentPostprocessing = 0;
		};
/* End PBXSourcesBuildPhase section */

/* Begin PBXVariantGroup section */
		4EAE98E3151A618A0051C926 /* InfoPlist.strings */ = {
			isa = PBXVariantGroup;
			children = (
				4EAE98E4151A618A0051C926 /* en */,
			);
			name = InfoPlist.strings;
			sourceTree = "<group>";
		};
		4EAE98EC151A618A0051C926 /* MainStoryboard.storyboard */ = {
			isa = PBXVariantGroup;
			children = (
				4EAE98ED151A618A0051C926 /* en */,
			);
			name = MainStoryboard.storyboard;
			sourceTree = "<group>";
		};
/* End PBXVariantGroup section */

/* Begin XCBuildConfiguration section */
		4EA0F266151B61D100B12716 /* Ad Hoc */ = {
			isa = XCBuildConfiguration;
			buildSettings = {
				ALWAYS_SEARCH_USER_PATHS = NO;
				CLANG_ENABLE_OBJC_ARC = YES;
				CLANG_WARN_BOOL_CONVERSION = YES;
				CLANG_WARN_CONSTANT_CONVERSION = YES;
				CLANG_WARN_EMPTY_BODY = YES;
				CLANG_WARN_ENUM_CONVERSION = YES;
				CLANG_WARN_INT_CONVERSION = YES;
				CLANG_WARN__DUPLICATE_METHOD_MATCH = YES;
				CODE_SIGN_IDENTITY = "";
				"CODE_SIGN_IDENTITY[sdk=iphoneos*]" = "";
				COPY_PHASE_STRIP = YES;
				GCC_C_LANGUAGE_STANDARD = gnu99;
				GCC_VERSION = com.apple.compilers.llvm.clang.1_0;
				GCC_WARN_64_TO_32_BIT_CONVERSION = YES;
				GCC_WARN_ABOUT_RETURN_TYPE = YES;
				GCC_WARN_UNDECLARED_SELECTOR = YES;
				GCC_WARN_UNINITIALIZED_AUTOS = YES;
				GCC_WARN_UNUSED_FUNCTION = YES;
				GCC_WARN_UNUSED_VARIABLE = YES;
				IPHONEOS_DEPLOYMENT_TARGET = 5.1;
				OTHER_CFLAGS = "-DNS_BLOCK_ASSERTIONS=1";
				PROVISIONING_PROFILE = "EBFF38F9-B42D-4E5D-B04F-6AE1E8783B29";
				"PROVISIONING_PROFILE[sdk=iphoneos*]" = "EBFF38F9-B42D-4E5D-B04F-6AE1E8783B29";
				SDKROOT = iphoneos;
				VALIDATE_PRODUCT = YES;
			};
			name = "Ad Hoc";
		};
		4EA0F267151B61D100B12716 /* Ad Hoc */ = {
			isa = XCBuildConfiguration;
			buildSettings = {
				ASSETCATALOG_COMPILER_APPICON_NAME = AppIcon;
				ASSETCATALOG_COMPILER_LAUNCHIMAGE_NAME = LaunchImage;
				CODE_SIGN_IDENTITY = "iPhone Developer";
				"CODE_SIGN_IDENTITY[sdk=iphoneos*]" = "iPhone Developer";
				FRAMEWORK_SEARCH_PATHS = (
					"$(inherited)",
					"$(PROJECT_DIR)/HockeySDK-iOS/HockeySDK.embeddedframework",
				);
				GCC_PRECOMPILE_PREFIX_HEADER = YES;
				GCC_PREFIX_HEADER = "Gesjeesde Native/Gesjeesde Native-Prefix.pch";
				GCC_PREPROCESSOR_DEFINITIONS = "CD_USE_OWN_FILEUTILS=1";
				INFOPLIST_FILE = "Gesjeesde Native/Gesjeesde Native-Info.plist";
				IPHONEOS_DEPLOYMENT_TARGET = 7.0;
				LIBRARY_SEARCH_PATHS = "$(inherited)";
				OTHER_CFLAGS = "-DNS_BLOCK_ASSERTIONS=1";
				PRODUCT_NAME = "Beestenbende iPad";
				PROVISIONING_PROFILE = "";
				TARGETED_DEVICE_FAMILY = 2;
				WRAPPER_EXTENSION = app;
			};
			name = "Ad Hoc";
		};
		4EAE98F2151A618A0051C926 /* Debug */ = {
			isa = XCBuildConfiguration;
			buildSettings = {
				ALWAYS_SEARCH_USER_PATHS = NO;
				CLANG_ENABLE_OBJC_ARC = YES;
				CLANG_WARN_BOOL_CONVERSION = YES;
				CLANG_WARN_CONSTANT_CONVERSION = YES;
				CLANG_WARN_EMPTY_BODY = YES;
				CLANG_WARN_ENUM_CONVERSION = YES;
				CLANG_WARN_INT_CONVERSION = YES;
				CLANG_WARN__DUPLICATE_METHOD_MATCH = YES;
				CODE_SIGN_IDENTITY = "iPhone Developer: Alper Cugun (UWC9C6XB66)";
				"CODE_SIGN_IDENTITY[sdk=iphoneos*]" = "iPhone Developer: Alper Cugun (UWC9C6XB66)";
				COPY_PHASE_STRIP = NO;
				GCC_C_LANGUAGE_STANDARD = gnu99;
				GCC_DYNAMIC_NO_PIC = NO;
				GCC_OPTIMIZATION_LEVEL = 0;
				GCC_PREPROCESSOR_DEFINITIONS = (
					"DEBUG=1",
					"$(inherited)",
				);
				GCC_SYMBOLS_PRIVATE_EXTERN = NO;
				GCC_VERSION = com.apple.compilers.llvm.clang.1_0;
				GCC_WARN_64_TO_32_BIT_CONVERSION = YES;
				GCC_WARN_ABOUT_RETURN_TYPE = YES;
				GCC_WARN_UNDECLARED_SELECTOR = YES;
				GCC_WARN_UNINITIALIZED_AUTOS = YES;
				GCC_WARN_UNUSED_FUNCTION = YES;
				GCC_WARN_UNUSED_VARIABLE = YES;
				IPHONEOS_DEPLOYMENT_TARGET = 5.1;
				ONLY_ACTIVE_ARCH = YES;
				PROVISIONING_PROFILE = "9CC517A6-3564-45BA-A203-EA9795024EA4";
				"PROVISIONING_PROFILE[sdk=iphoneos*]" = "9CC517A6-3564-45BA-A203-EA9795024EA4";
				SDKROOT = iphoneos;
			};
			name = Debug;
		};
		4EAE98F3151A618A0051C926 /* Release */ = {
			isa = XCBuildConfiguration;
			buildSettings = {
				ALWAYS_SEARCH_USER_PATHS = NO;
				CLANG_ENABLE_OBJC_ARC = YES;
				CLANG_WARN_BOOL_CONVERSION = YES;
				CLANG_WARN_CONSTANT_CONVERSION = YES;
				CLANG_WARN_EMPTY_BODY = YES;
				CLANG_WARN_ENUM_CONVERSION = YES;
				CLANG_WARN_INT_CONVERSION = YES;
				CLANG_WARN__DUPLICATE_METHOD_MATCH = YES;
				CODE_SIGN_IDENTITY = "";
				"CODE_SIGN_IDENTITY[sdk=iphoneos*]" = "";
				COPY_PHASE_STRIP = YES;
				GCC_C_LANGUAGE_STANDARD = gnu99;
				GCC_VERSION = com.apple.compilers.llvm.clang.1_0;
				GCC_WARN_64_TO_32_BIT_CONVERSION = YES;
				GCC_WARN_ABOUT_RETURN_TYPE = YES;
				GCC_WARN_UNDECLARED_SELECTOR = YES;
				GCC_WARN_UNINITIALIZED_AUTOS = YES;
				GCC_WARN_UNUSED_FUNCTION = YES;
				GCC_WARN_UNUSED_VARIABLE = YES;
				IPHONEOS_DEPLOYMENT_TARGET = 5.1;
				OTHER_CFLAGS = "-DNS_BLOCK_ASSERTIONS=1";
				SDKROOT = iphoneos;
				VALIDATE_PRODUCT = YES;
			};
			name = Release;
		};
		4EAE98F5151A618A0051C926 /* Debug */ = {
			isa = XCBuildConfiguration;
			buildSettings = {
				ASSETCATALOG_COMPILER_APPICON_NAME = AppIcon;
				ASSETCATALOG_COMPILER_LAUNCHIMAGE_NAME = LaunchImage;
				CODE_SIGN_IDENTITY = "iPhone Developer";
				"CODE_SIGN_IDENTITY[sdk=iphoneos*]" = "iPhone Developer";
				FRAMEWORK_SEARCH_PATHS = (
					"$(inherited)",
					"$(PROJECT_DIR)/HockeySDK-iOS/HockeySDK.embeddedframework",
				);
				GCC_PRECOMPILE_PREFIX_HEADER = YES;
				GCC_PREFIX_HEADER = "Gesjeesde Native/Gesjeesde Native-Prefix.pch";
				GCC_PREPROCESSOR_DEFINITIONS = (
					"DEBUG=1",
					"$(inherited)",
					"CD_USE_OWN_FILEUTILS=1",
				);
				INFOPLIST_FILE = "Gesjeesde Native/Gesjeesde Native-Info.plist";
				IPHONEOS_DEPLOYMENT_TARGET = 7.0;
				LIBRARY_SEARCH_PATHS = "$(inherited)";
				PRODUCT_NAME = "Beestenbende iPad";
				PROVISIONING_PROFILE = "";
				TARGETED_DEVICE_FAMILY = 2;
				WRAPPER_EXTENSION = app;
			};
			name = Debug;
		};
		4EAE98F6151A618A0051C926 /* Release */ = {
			isa = XCBuildConfiguration;
			buildSettings = {
				ASSETCATALOG_COMPILER_APPICON_NAME = AppIcon;
				ASSETCATALOG_COMPILER_LAUNCHIMAGE_NAME = LaunchImage;
				CODE_SIGN_IDENTITY = "iPhone Developer";
				"CODE_SIGN_IDENTITY[sdk=iphoneos*]" = "iPhone Developer";
				FRAMEWORK_SEARCH_PATHS = (
					"$(inherited)",
					"$(PROJECT_DIR)/HockeySDK-iOS/HockeySDK.embeddedframework",
				);
				GCC_PRECOMPILE_PREFIX_HEADER = YES;
				GCC_PREFIX_HEADER = "Gesjeesde Native/Gesjeesde Native-Prefix.pch";
				GCC_PREPROCESSOR_DEFINITIONS = "CD_USE_OWN_FILEUTILS=1";
				INFOPLIST_FILE = "Gesjeesde Native/Gesjeesde Native-Info.plist";
				IPHONEOS_DEPLOYMENT_TARGET = 7.0;
				LIBRARY_SEARCH_PATHS = "$(inherited)";
				OTHER_CFLAGS = "-DNS_BLOCK_ASSERTIONS=1";
				PRODUCT_NAME = "Beestenbende iPad";
				PROVISIONING_PROFILE = "";
				TARGETED_DEVICE_FAMILY = 2;
				WRAPPER_EXTENSION = app;
			};
			name = Release;
		};
/* End XCBuildConfiguration section */

/* Begin XCConfigurationList section */
		4EAE98D0151A61890051C926 /* Build configuration list for PBXProject "Beestenbende" */ = {
			isa = XCConfigurationList;
			buildConfigurations = (
				4EAE98F2151A618A0051C926 /* Debug */,
				4EAE98F3151A618A0051C926 /* Release */,
				4EA0F266151B61D100B12716 /* Ad Hoc */,
			);
			defaultConfigurationIsVisible = 0;
			defaultConfigurationName = Release;
		};
		4EAE98F4151A618A0051C926 /* Build configuration list for PBXNativeTarget "BeestenbendeiPad" */ = {
			isa = XCConfigurationList;
			buildConfigurations = (
				4EAE98F5151A618A0051C926 /* Debug */,
				4EAE98F6151A618A0051C926 /* Release */,
				4EA0F267151B61D100B12716 /* Ad Hoc */,
			);
			defaultConfigurationIsVisible = 0;
			defaultConfigurationName = Release;
		};
/* End XCConfigurationList section */
	};
	rootObject = 4EAE98CD151A61890051C926 /* Project object */;
}
