// !$*UTF8*$!
{
	archiveVersion = 1;
	classes = {
	};
	objectVersion = 46;
	objects = {

/* Begin PBXBuildFile section */
		4E08C30F1524723D00F3CDC7 /* 15.png in Resources */ = {isa = PBXBuildFile; fileRef = 4E08C30E1524723D00F3CDC7 /* 15.png */; };
		4E08C313152489BF00F3CDC7 /* FeatureExampleViewController.m in Sources */ = {isa = PBXBuildFile; fileRef = 4E08C312152489BF00F3CDC7 /* FeatureExampleViewController.m */; };
		4E08C31615248CAA00F3CDC7 /* FeaturePictureExplanationViewController.m in Sources */ = {isa = PBXBuildFile; fileRef = 4E08C31515248CAA00F3CDC7 /* FeaturePictureExplanationViewController.m */; };
		4E332694151A663B00CEC850 /* bg-0-plain.png in Resources */ = {isa = PBXBuildFile; fileRef = 4E332677151A663B00CEC850 /* bg-0-plain.png */; };
		4E332695151A663B00CEC850 /* bg-1-splash.png in Resources */ = {isa = PBXBuildFile; fileRef = 4E332678151A663B00CEC850 /* bg-1-splash.png */; };
		4E332696151A663B00CEC850 /* bg-2-main-menu.png in Resources */ = {isa = PBXBuildFile; fileRef = 4E332679151A663B00CEC850 /* bg-2-main-menu.png */; };
		4E332697151A663B00CEC850 /* bg-3-map.png in Resources */ = {isa = PBXBuildFile; fileRef = 4E33267A151A663B00CEC850 /* bg-3-map.png */; };
		4E332698151A663B00CEC850 /* bg-4-welcome-to-cabinet.png in Resources */ = {isa = PBXBuildFile; fileRef = 4E33267B151A663B00CEC850 /* bg-4-welcome-to-cabinet.png */; };
		4E332699151A663B00CEC850 /* bg-5-intro-mission-1.png in Resources */ = {isa = PBXBuildFile; fileRef = 4E33267C151A663B00CEC850 /* bg-5-intro-mission-1.png */; };
		4E33269A151A663B00CEC850 /* bg-14-label-photos.png in Resources */ = {isa = PBXBuildFile; fileRef = 4E33267D151A663B00CEC850 /* bg-14-label-photos.png */; };
		4E33269B151A663B00CEC850 /* bg-20-uitslag.png in Resources */ = {isa = PBXBuildFile; fileRef = 4E33267E151A663B00CEC850 /* bg-20-uitslag.png */; };
		4E33269C151A663B00CEC850 /* bird.png in Resources */ = {isa = PBXBuildFile; fileRef = 4E33267F151A663B00CEC850 /* bird.png */; };
		4E33269D151A663B00CEC850 /* button-credits.png in Resources */ = {isa = PBXBuildFile; fileRef = 4E332680151A663B00CEC850 /* button-credits.png */; };
		4E33269E151A663B00CEC850 /* button-huh.png in Resources */ = {isa = PBXBuildFile; fileRef = 4E332681151A663B00CEC850 /* button-huh.png */; };
		4E33269F151A663B00CEC850 /* button-ja.png in Resources */ = {isa = PBXBuildFile; fileRef = 4E332682151A663B00CEC850 /* button-ja.png */; };
		4E3326A0151A663B00CEC850 /* button-nieuw-spel.png in Resources */ = {isa = PBXBuildFile; fileRef = 4E332683151A663B00CEC850 /* button-nieuw-spel.png */; };
		4E3326A1151A663B00CEC850 /* button-terug.png in Resources */ = {isa = PBXBuildFile; fileRef = 4E332684151A663B00CEC850 /* button-terug.png */; };
		4E3326A2151A663B00CEC850 /* button-trash.png in Resources */ = {isa = PBXBuildFile; fileRef = 4E332685151A663B00CEC850 /* button-trash.png */; };
		4E3326A3151A663B00CEC850 /* button-volgende.png in Resources */ = {isa = PBXBuildFile; fileRef = 4E332686151A663B00CEC850 /* button-volgende.png */; };
		4E3326A4151A663B00CEC850 /* dot-black.png in Resources */ = {isa = PBXBuildFile; fileRef = 4E332687151A663B00CEC850 /* dot-black.png */; };
		4E3326A5151A663B00CEC850 /* dot-white.png in Resources */ = {isa = PBXBuildFile; fileRef = 4E332688151A663B00CEC850 /* dot-white.png */; };
		4E3326A6151A663B00CEC850 /* evidence-photo-frame-large.png in Resources */ = {isa = PBXBuildFile; fileRef = 4E332689151A663B00CEC850 /* evidence-photo-frame-large.png */; };
		4E3326A7151A663B00CEC850 /* evidence-photo-frame-small.png in Resources */ = {isa = PBXBuildFile; fileRef = 4E33268A151A663B00CEC850 /* evidence-photo-frame-small.png */; };
		4E3326A8151A663B00CEC850 /* flying-squirrel.png in Resources */ = {isa = PBXBuildFile; fileRef = 4E33268B151A663B00CEC850 /* flying-squirrel.png */; };
		4E3326A9151A663B00CEC850 /* horizontal-rule.png in Resources */ = {isa = PBXBuildFile; fileRef = 4E33268C151A663B00CEC850 /* horizontal-rule.png */; };
		4E3326AA151A663B00CEC850 /* points-fout.png in Resources */ = {isa = PBXBuildFile; fileRef = 4E33268D151A663B00CEC850 /* points-fout.png */; };
		4E3326AB151A663B00CEC850 /* points-goed.png in Resources */ = {isa = PBXBuildFile; fileRef = 4E33268E151A663B00CEC850 /* points-goed.png */; };
		4E3326AC151A663B00CEC850 /* points-uniek.png in Resources */ = {isa = PBXBuildFile; fileRef = 4E33268F151A663B00CEC850 /* points-uniek.png */; };
		4E3326AD151A663B00CEC850 /* pulldown.png in Resources */ = {isa = PBXBuildFile; fileRef = 4E332690151A663B00CEC850 /* pulldown.png */; };
		4E3326AE151A663B00CEC850 /* speech-bubble-big.png in Resources */ = {isa = PBXBuildFile; fileRef = 4E332691151A663B00CEC850 /* speech-bubble-big.png */; };
		4E3326AF151A663B00CEC850 /* speech-bubble-small.png in Resources */ = {isa = PBXBuildFile; fileRef = 4E332692151A663B00CEC850 /* speech-bubble-small.png */; };
		4E3326B0151A663B00CEC850 /* sun.png in Resources */ = {isa = PBXBuildFile; fileRef = 4E332693151A663B00CEC850 /* sun.png */; };
		4E3326B3151A666D00CEC850 /* Default@2x.png in Resources */ = {isa = PBXBuildFile; fileRef = 4E3326B2151A666D00CEC850 /* Default@2x.png */; };
		4E3326B7151A909000CEC850 /* CreditsViewController.m in Sources */ = {isa = PBXBuildFile; fileRef = 4E3326B6151A909000CEC850 /* CreditsViewController.m */; };
		4E3326BA151A91B200CEC850 /* MenuViewController.m in Sources */ = {isa = PBXBuildFile; fileRef = 4E3326B9151A91B200CEC850 /* MenuViewController.m */; };
		4E6D61E81525246A009D27B0 /* Vollkorn-Bold.ttf in Resources */ = {isa = PBXBuildFile; fileRef = 47D381511524CF9A00C4A7CE /* Vollkorn-Bold.ttf */; };
		4E6D61E91525246A009D27B0 /* Vollkorn-BoldItalic.ttf in Resources */ = {isa = PBXBuildFile; fileRef = 47D381521524CF9A00C4A7CE /* Vollkorn-BoldItalic.ttf */; };
		4E6D61EA1525246A009D27B0 /* Vollkorn-Italic.ttf in Resources */ = {isa = PBXBuildFile; fileRef = 47D381531524CF9A00C4A7CE /* Vollkorn-Italic.ttf */; };
		4E6D61EB1525246A009D27B0 /* Vollkorn-Regular.ttf in Resources */ = {isa = PBXBuildFile; fileRef = 47D381541524CF9A00C4A7CE /* Vollkorn-Regular.ttf */; };
		4E6D61EF1525F79A009D27B0 /* FeaturePictureViewController.m in Sources */ = {isa = PBXBuildFile; fileRef = 4E6D61EE1525F799009D27B0 /* FeaturePictureViewController.m */; };
		4E80ADCA151FCA22001CBA7E /* WelcomeViewController.m in Sources */ = {isa = PBXBuildFile; fileRef = 4E80ADC9151FCA22001CBA7E /* WelcomeViewController.m */; };
		4EA0F265151B54AC00B12716 /* TeamPictureViewController.m in Sources */ = {isa = PBXBuildFile; fileRef = 4EA0F264151B54AC00B12716 /* TeamPictureViewController.m */; };
		4EA62E2A15249B4100E74E64 /* Game.m in Sources */ = {isa = PBXBuildFile; fileRef = 4EA62E2915249B4100E74E64 /* Game.m */; };
		4EA62E2E15249B9D00E74E64 /* Team.m in Sources */ = {isa = PBXBuildFile; fileRef = 4EA62E2D15249B9D00E74E64 /* Team.m */; };
		4EA62E311524B31A00E74E64 /* LabellingResultsViewController.m in Sources */ = {isa = PBXBuildFile; fileRef = 4EA62E301524B31A00E74E64 /* LabellingResultsViewController.m */; };
		4EAE98DB151A618A0051C926 /* UIKit.framework in Frameworks */ = {isa = PBXBuildFile; fileRef = 4EAE98DA151A618A0051C926 /* UIKit.framework */; };
		4EAE98DD151A618A0051C926 /* Foundation.framework in Frameworks */ = {isa = PBXBuildFile; fileRef = 4EAE98DC151A618A0051C926 /* Foundation.framework */; };
		4EAE98DF151A618A0051C926 /* CoreGraphics.framework in Frameworks */ = {isa = PBXBuildFile; fileRef = 4EAE98DE151A618A0051C926 /* CoreGraphics.framework */; };
		4EAE98E5151A618A0051C926 /* InfoPlist.strings in Resources */ = {isa = PBXBuildFile; fileRef = 4EAE98E3151A618A0051C926 /* InfoPlist.strings */; };
		4EAE98E7151A618A0051C926 /* main.m in Sources */ = {isa = PBXBuildFile; fileRef = 4EAE98E6151A618A0051C926 /* main.m */; };
		4EAE98EB151A618A0051C926 /* AppDelegate.m in Sources */ = {isa = PBXBuildFile; fileRef = 4EAE98EA151A618A0051C926 /* AppDelegate.m */; };
		4EAE98EE151A618A0051C926 /* MainStoryboard.storyboard in Resources */ = {isa = PBXBuildFile; fileRef = 4EAE98EC151A618A0051C926 /* MainStoryboard.storyboard */; };
		4EAE98F1151A618A0051C926 /* ViewController.m in Sources */ = {isa = PBXBuildFile; fileRef = 4EAE98F0151A618A0051C926 /* ViewController.m */; };
		4EE1E1BF152625E800A8C6CF /* FirstIssueIntroductionViewController.m in Sources */ = {isa = PBXBuildFile; fileRef = 4EE1E1BE152625E800A8C6CF /* FirstIssueIntroductionViewController.m */; };
/* End PBXBuildFile section */

/* Begin PBXFileReference section */
		47D381511524CF9A00C4A7CE /* Vollkorn-Bold.ttf */ = {isa = PBXFileReference; lastKnownFileType = file; path = "Vollkorn-Bold.ttf"; sourceTree = "<group>"; };
		47D381521524CF9A00C4A7CE /* Vollkorn-BoldItalic.ttf */ = {isa = PBXFileReference; lastKnownFileType = file; path = "Vollkorn-BoldItalic.ttf"; sourceTree = "<group>"; };
		47D381531524CF9A00C4A7CE /* Vollkorn-Italic.ttf */ = {isa = PBXFileReference; lastKnownFileType = file; path = "Vollkorn-Italic.ttf"; sourceTree = "<group>"; };
		47D381541524CF9A00C4A7CE /* Vollkorn-Regular.ttf */ = {isa = PBXFileReference; lastKnownFileType = file; path = "Vollkorn-Regular.ttf"; sourceTree = "<group>"; };
		4E08C30E1524723D00F3CDC7 /* 15.png */ = {isa = PBXFileReference; lastKnownFileType = image.png; path = 15.png; sourceTree = "<group>"; };
		4E08C311152489BF00F3CDC7 /* FeatureExampleViewController.h */ = {isa = PBXFileReference; fileEncoding = 4; lastKnownFileType = sourcecode.c.h; path = FeatureExampleViewController.h; sourceTree = "<group>"; };
		4E08C312152489BF00F3CDC7 /* FeatureExampleViewController.m */ = {isa = PBXFileReference; fileEncoding = 4; lastKnownFileType = sourcecode.c.objc; path = FeatureExampleViewController.m; sourceTree = "<group>"; };
		4E08C31415248CAA00F3CDC7 /* FeaturePictureExplanationViewController.h */ = {isa = PBXFileReference; fileEncoding = 4; lastKnownFileType = sourcecode.c.h; path = FeaturePictureExplanationViewController.h; sourceTree = "<group>"; };
		4E08C31515248CAA00F3CDC7 /* FeaturePictureExplanationViewController.m */ = {isa = PBXFileReference; fileEncoding = 4; lastKnownFileType = sourcecode.c.objc; path = FeaturePictureExplanationViewController.m; sourceTree = "<group>"; };
		4E332677151A663B00CEC850 /* bg-0-plain.png */ = {isa = PBXFileReference; lastKnownFileType = image.png; path = "bg-0-plain.png"; sourceTree = "<group>"; };
		4E332678151A663B00CEC850 /* bg-1-splash.png */ = {isa = PBXFileReference; lastKnownFileType = image.png; path = "bg-1-splash.png"; sourceTree = "<group>"; };
		4E332679151A663B00CEC850 /* bg-2-main-menu.png */ = {isa = PBXFileReference; lastKnownFileType = image.png; path = "bg-2-main-menu.png"; sourceTree = "<group>"; };
		4E33267A151A663B00CEC850 /* bg-3-map.png */ = {isa = PBXFileReference; lastKnownFileType = image.png; path = "bg-3-map.png"; sourceTree = "<group>"; };
		4E33267B151A663B00CEC850 /* bg-4-welcome-to-cabinet.png */ = {isa = PBXFileReference; lastKnownFileType = image.png; path = "bg-4-welcome-to-cabinet.png"; sourceTree = "<group>"; };
		4E33267C151A663B00CEC850 /* bg-5-intro-mission-1.png */ = {isa = PBXFileReference; lastKnownFileType = image.png; path = "bg-5-intro-mission-1.png"; sourceTree = "<group>"; };
		4E33267D151A663B00CEC850 /* bg-14-label-photos.png */ = {isa = PBXFileReference; lastKnownFileType = image.png; path = "bg-14-label-photos.png"; sourceTree = "<group>"; };
		4E33267E151A663B00CEC850 /* bg-20-uitslag.png */ = {isa = PBXFileReference; lastKnownFileType = image.png; path = "bg-20-uitslag.png"; sourceTree = "<group>"; };
		4E33267F151A663B00CEC850 /* bird.png */ = {isa = PBXFileReference; lastKnownFileType = image.png; path = bird.png; sourceTree = "<group>"; };
		4E332680151A663B00CEC850 /* button-credits.png */ = {isa = PBXFileReference; lastKnownFileType = image.png; path = "button-credits.png"; sourceTree = "<group>"; };
		4E332681151A663B00CEC850 /* button-huh.png */ = {isa = PBXFileReference; lastKnownFileType = image.png; path = "button-huh.png"; sourceTree = "<group>"; };
		4E332682151A663B00CEC850 /* button-ja.png */ = {isa = PBXFileReference; lastKnownFileType = image.png; path = "button-ja.png"; sourceTree = "<group>"; };
		4E332683151A663B00CEC850 /* button-nieuw-spel.png */ = {isa = PBXFileReference; lastKnownFileType = image.png; path = "button-nieuw-spel.png"; sourceTree = "<group>"; };
		4E332684151A663B00CEC850 /* button-terug.png */ = {isa = PBXFileReference; lastKnownFileType = image.png; path = "button-terug.png"; sourceTree = "<group>"; };
		4E332685151A663B00CEC850 /* button-trash.png */ = {isa = PBXFileReference; lastKnownFileType = image.png; path = "button-trash.png"; sourceTree = "<group>"; };
		4E332686151A663B00CEC850 /* button-volgende.png */ = {isa = PBXFileReference; lastKnownFileType = image.png; path = "button-volgende.png"; sourceTree = "<group>"; };
		4E332687151A663B00CEC850 /* dot-black.png */ = {isa = PBXFileReference; lastKnownFileType = image.png; path = "dot-black.png"; sourceTree = "<group>"; };
		4E332688151A663B00CEC850 /* dot-white.png */ = {isa = PBXFileReference; lastKnownFileType = image.png; path = "dot-white.png"; sourceTree = "<group>"; };
		4E332689151A663B00CEC850 /* evidence-photo-frame-large.png */ = {isa = PBXFileReference; lastKnownFileType = image.png; path = "evidence-photo-frame-large.png"; sourceTree = "<group>"; };
		4E33268A151A663B00CEC850 /* evidence-photo-frame-small.png */ = {isa = PBXFileReference; lastKnownFileType = image.png; path = "evidence-photo-frame-small.png"; sourceTree = "<group>"; };
		4E33268B151A663B00CEC850 /* flying-squirrel.png */ = {isa = PBXFileReference; lastKnownFileType = image.png; path = "flying-squirrel.png"; sourceTree = "<group>"; };
		4E33268C151A663B00CEC850 /* horizontal-rule.png */ = {isa = PBXFileReference; lastKnownFileType = image.png; path = "horizontal-rule.png"; sourceTree = "<group>"; };
		4E33268D151A663B00CEC850 /* points-fout.png */ = {isa = PBXFileReference; lastKnownFileType = image.png; path = "points-fout.png"; sourceTree = "<group>"; };
		4E33268E151A663B00CEC850 /* points-goed.png */ = {isa = PBXFileReference; lastKnownFileType = image.png; path = "points-goed.png"; sourceTree = "<group>"; };
		4E33268F151A663B00CEC850 /* points-uniek.png */ = {isa = PBXFileReference; lastKnownFileType = image.png; path = "points-uniek.png"; sourceTree = "<group>"; };
		4E332690151A663B00CEC850 /* pulldown.png */ = {isa = PBXFileReference; lastKnownFileType = image.png; path = pulldown.png; sourceTree = "<group>"; };
		4E332691151A663B00CEC850 /* speech-bubble-big.png */ = {isa = PBXFileReference; lastKnownFileType = image.png; path = "speech-bubble-big.png"; sourceTree = "<group>"; };
		4E332692151A663B00CEC850 /* speech-bubble-small.png */ = {isa = PBXFileReference; lastKnownFileType = image.png; path = "speech-bubble-small.png"; sourceTree = "<group>"; };
		4E332693151A663B00CEC850 /* sun.png */ = {isa = PBXFileReference; lastKnownFileType = image.png; path = sun.png; sourceTree = "<group>"; };
		4E3326B2151A666D00CEC850 /* Default@2x.png */ = {isa = PBXFileReference; lastKnownFileType = image.png; path = "Default@2x.png"; sourceTree = "<group>"; };
		4E3326B5151A909000CEC850 /* CreditsViewController.h */ = {isa = PBXFileReference; fileEncoding = 4; lastKnownFileType = sourcecode.c.h; path = CreditsViewController.h; sourceTree = "<group>"; };
		4E3326B6151A909000CEC850 /* CreditsViewController.m */ = {isa = PBXFileReference; fileEncoding = 4; lastKnownFileType = sourcecode.c.objc; path = CreditsViewController.m; sourceTree = "<group>"; };
		4E3326B8151A91B200CEC850 /* MenuViewController.h */ = {isa = PBXFileReference; fileEncoding = 4; lastKnownFileType = sourcecode.c.h; path = MenuViewController.h; sourceTree = "<group>"; };
		4E3326B9151A91B200CEC850 /* MenuViewController.m */ = {isa = PBXFileReference; fileEncoding = 4; lastKnownFileType = sourcecode.c.objc; path = MenuViewController.m; sourceTree = "<group>"; };
		4E6D61ED1525F799009D27B0 /* FeaturePictureViewController.h */ = {isa = PBXFileReference; fileEncoding = 4; lastKnownFileType = sourcecode.c.h; path = FeaturePictureViewController.h; sourceTree = "<group>"; };
		4E6D61EE1525F799009D27B0 /* FeaturePictureViewController.m */ = {isa = PBXFileReference; fileEncoding = 4; lastKnownFileType = sourcecode.c.objc; path = FeaturePictureViewController.m; sourceTree = "<group>"; };
		4E80ADC8151FCA22001CBA7E /* WelcomeViewController.h */ = {isa = PBXFileReference; fileEncoding = 4; lastKnownFileType = sourcecode.c.h; path = WelcomeViewController.h; sourceTree = "<group>"; };
		4E80ADC9151FCA22001CBA7E /* WelcomeViewController.m */ = {isa = PBXFileReference; fileEncoding = 4; lastKnownFileType = sourcecode.c.objc; path = WelcomeViewController.m; sourceTree = "<group>"; };
		4EA0F263151B54AC00B12716 /* TeamPictureViewController.h */ = {isa = PBXFileReference; fileEncoding = 4; lastKnownFileType = sourcecode.c.h; path = TeamPictureViewController.h; sourceTree = "<group>"; };
		4EA0F264151B54AC00B12716 /* TeamPictureViewController.m */ = {isa = PBXFileReference; fileEncoding = 4; lastKnownFileType = sourcecode.c.objc; path = TeamPictureViewController.m; sourceTree = "<group>"; };
		4EA62E2815249B4100E74E64 /* Game.h */ = {isa = PBXFileReference; fileEncoding = 4; lastKnownFileType = sourcecode.c.h; path = Game.h; sourceTree = "<group>"; };
		4EA62E2915249B4100E74E64 /* Game.m */ = {isa = PBXFileReference; fileEncoding = 4; lastKnownFileType = sourcecode.c.objc; path = Game.m; sourceTree = "<group>"; };
		4EA62E2C15249B9D00E74E64 /* Team.h */ = {isa = PBXFileReference; fileEncoding = 4; lastKnownFileType = sourcecode.c.h; path = Team.h; sourceTree = "<group>"; };
		4EA62E2D15249B9D00E74E64 /* Team.m */ = {isa = PBXFileReference; fileEncoding = 4; lastKnownFileType = sourcecode.c.objc; path = Team.m; sourceTree = "<group>"; };
		4EA62E2F1524B31A00E74E64 /* LabellingResultsViewController.h */ = {isa = PBXFileReference; fileEncoding = 4; lastKnownFileType = sourcecode.c.h; path = LabellingResultsViewController.h; sourceTree = "<group>"; };
		4EA62E301524B31A00E74E64 /* LabellingResultsViewController.m */ = {isa = PBXFileReference; fileEncoding = 4; lastKnownFileType = sourcecode.c.objc; path = LabellingResultsViewController.m; sourceTree = "<group>"; };
		4EAE98D6151A618A0051C926 /* Gesjeesde Beesten.app */ = {isa = PBXFileReference; explicitFileType = wrapper.application; includeInIndex = 0; path = "Gesjeesde Beesten.app"; sourceTree = BUILT_PRODUCTS_DIR; };
		4EAE98DA151A618A0051C926 /* UIKit.framework */ = {isa = PBXFileReference; lastKnownFileType = wrapper.framework; name = UIKit.framework; path = System/Library/Frameworks/UIKit.framework; sourceTree = SDKROOT; };
		4EAE98DC151A618A0051C926 /* Foundation.framework */ = {isa = PBXFileReference; lastKnownFileType = wrapper.framework; name = Foundation.framework; path = System/Library/Frameworks/Foundation.framework; sourceTree = SDKROOT; };
		4EAE98DE151A618A0051C926 /* CoreGraphics.framework */ = {isa = PBXFileReference; lastKnownFileType = wrapper.framework; name = CoreGraphics.framework; path = System/Library/Frameworks/CoreGraphics.framework; sourceTree = SDKROOT; };
		4EAE98E2151A618A0051C926 /* Gesjeesde Native-Info.plist */ = {isa = PBXFileReference; lastKnownFileType = text.plist.xml; path = "Gesjeesde Native-Info.plist"; sourceTree = "<group>"; };
		4EAE98E4151A618A0051C926 /* en */ = {isa = PBXFileReference; lastKnownFileType = text.plist.strings; name = en; path = en.lproj/InfoPlist.strings; sourceTree = "<group>"; };
		4EAE98E6151A618A0051C926 /* main.m */ = {isa = PBXFileReference; lastKnownFileType = sourcecode.c.objc; path = main.m; sourceTree = "<group>"; };
		4EAE98E8151A618A0051C926 /* Gesjeesde Native-Prefix.pch */ = {isa = PBXFileReference; lastKnownFileType = sourcecode.c.h; path = "Gesjeesde Native-Prefix.pch"; sourceTree = "<group>"; };
		4EAE98E9151A618A0051C926 /* AppDelegate.h */ = {isa = PBXFileReference; lastKnownFileType = sourcecode.c.h; path = AppDelegate.h; sourceTree = "<group>"; };
		4EAE98EA151A618A0051C926 /* AppDelegate.m */ = {isa = PBXFileReference; lastKnownFileType = sourcecode.c.objc; path = AppDelegate.m; sourceTree = "<group>"; };
		4EAE98ED151A618A0051C926 /* en */ = {isa = PBXFileReference; lastKnownFileType = file.storyboard; name = en; path = en.lproj/MainStoryboard.storyboard; sourceTree = "<group>"; };
		4EAE98EF151A618A0051C926 /* ViewController.h */ = {isa = PBXFileReference; lastKnownFileType = sourcecode.c.h; path = ViewController.h; sourceTree = "<group>"; };
		4EAE98F0151A618A0051C926 /* ViewController.m */ = {isa = PBXFileReference; lastKnownFileType = sourcecode.c.objc; path = ViewController.m; sourceTree = "<group>"; };
		4EE1E1BD152625E800A8C6CF /* FirstIssueIntroductionViewController.h */ = {isa = PBXFileReference; fileEncoding = 4; lastKnownFileType = sourcecode.c.h; path = FirstIssueIntroductionViewController.h; sourceTree = "<group>"; };
		4EE1E1BE152625E800A8C6CF /* FirstIssueIntroductionViewController.m */ = {isa = PBXFileReference; fileEncoding = 4; lastKnownFileType = sourcecode.c.objc; path = FirstIssueIntroductionViewController.m; sourceTree = "<group>"; };
/* End PBXFileReference section */

/* Begin PBXFrameworksBuildPhase section */
		4EAE98D3151A618A0051C926 /* Frameworks */ = {
			isa = PBXFrameworksBuildPhase;
			buildActionMask = 2147483647;
			files = (
				4EAE98DB151A618A0051C926 /* UIKit.framework in Frameworks */,
				4EAE98DD151A618A0051C926 /* Foundation.framework in Frameworks */,
				4EAE98DF151A618A0051C926 /* CoreGraphics.framework in Frameworks */,
			);
			runOnlyForDeploymentPostprocessing = 0;
		};
/* End PBXFrameworksBuildPhase section */

/* Begin PBXGroup section */
		4E3326B4151A68C200CEC850 /* assets */ = {
			isa = PBXGroup;
			children = (
				47D381511524CF9A00C4A7CE /* Vollkorn-Bold.ttf */,
				47D381521524CF9A00C4A7CE /* Vollkorn-BoldItalic.ttf */,
				47D381531524CF9A00C4A7CE /* Vollkorn-Italic.ttf */,
				47D381541524CF9A00C4A7CE /* Vollkorn-Regular.ttf */,
				4E3326B2151A666D00CEC850 /* Default@2x.png */,
				4E332677151A663B00CEC850 /* bg-0-plain.png */,
				4E332678151A663B00CEC850 /* bg-1-splash.png */,
				4E332679151A663B00CEC850 /* bg-2-main-menu.png */,
				4E33267A151A663B00CEC850 /* bg-3-map.png */,
				4E08C30E1524723D00F3CDC7 /* 15.png */,
				4E33267B151A663B00CEC850 /* bg-4-welcome-to-cabinet.png */,
				4E33267C151A663B00CEC850 /* bg-5-intro-mission-1.png */,
				4E33267D151A663B00CEC850 /* bg-14-label-photos.png */,
				4E33267E151A663B00CEC850 /* bg-20-uitslag.png */,
				4E33267F151A663B00CEC850 /* bird.png */,
				4E332680151A663B00CEC850 /* button-credits.png */,
				4E332681151A663B00CEC850 /* button-huh.png */,
				4E332682151A663B00CEC850 /* button-ja.png */,
				4E332683151A663B00CEC850 /* button-nieuw-spel.png */,
				4E332684151A663B00CEC850 /* button-terug.png */,
				4E332685151A663B00CEC850 /* button-trash.png */,
				4E332686151A663B00CEC850 /* button-volgende.png */,
				4E332687151A663B00CEC850 /* dot-black.png */,
				4E332688151A663B00CEC850 /* dot-white.png */,
				4E332689151A663B00CEC850 /* evidence-photo-frame-large.png */,
				4E33268A151A663B00CEC850 /* evidence-photo-frame-small.png */,
				4E33268B151A663B00CEC850 /* flying-squirrel.png */,
				4E33268C151A663B00CEC850 /* horizontal-rule.png */,
				4E33268D151A663B00CEC850 /* points-fout.png */,
				4E33268E151A663B00CEC850 /* points-goed.png */,
				4E33268F151A663B00CEC850 /* points-uniek.png */,
				4E332690151A663B00CEC850 /* pulldown.png */,
				4E332691151A663B00CEC850 /* speech-bubble-big.png */,
				4E332692151A663B00CEC850 /* speech-bubble-small.png */,
				4E332693151A663B00CEC850 /* sun.png */,
			);
			name = assets;
			sourceTree = "<group>";
		};
		4EAE98CB151A61890051C926 = {
			isa = PBXGroup;
			children = (
				4E3326B4151A68C200CEC850 /* assets */,
				4EAE98E0151A618A0051C926 /* Gesjeesde Native */,
				4EAE98D9151A618A0051C926 /* Frameworks */,
				4EAE98D7151A618A0051C926 /* Products */,
			);
			sourceTree = "<group>";
		};
		4EAE98D7151A618A0051C926 /* Products */ = {
			isa = PBXGroup;
			children = (
				4EAE98D6151A618A0051C926 /* Gesjeesde Beesten.app */,
			);
			name = Products;
			sourceTree = "<group>";
		};
		4EAE98D9151A618A0051C926 /* Frameworks */ = {
			isa = PBXGroup;
			children = (
				4EAE98DA151A618A0051C926 /* UIKit.framework */,
				4EAE98DC151A618A0051C926 /* Foundation.framework */,
				4EAE98DE151A618A0051C926 /* CoreGraphics.framework */,
			);
			name = Frameworks;
			sourceTree = "<group>";
		};
		4EAE98E0151A618A0051C926 /* Gesjeesde Native */ = {
			isa = PBXGroup;
			children = (
				4EAE98E9151A618A0051C926 /* AppDelegate.h */,
				4E3326B5151A909000CEC850 /* CreditsViewController.h */,
				4EAE98EA151A618A0051C926 /* AppDelegate.m */,
				4E3326B6151A909000CEC850 /* CreditsViewController.m */,
				4EAE98EC151A618A0051C926 /* MainStoryboard.storyboard */,
				4EE1E1BD152625E800A8C6CF /* FirstIssueIntroductionViewController.h */,
				4EE1E1BE152625E800A8C6CF /* FirstIssueIntroductionViewController.m */,
				4E6D61ED1525F799009D27B0 /* FeaturePictureViewController.h */,
				4E6D61EE1525F799009D27B0 /* FeaturePictureViewController.m */,
				4EA62E2F1524B31A00E74E64 /* LabellingResultsViewController.h */,
				4EA62E301524B31A00E74E64 /* LabellingResultsViewController.m */,
				4E08C31415248CAA00F3CDC7 /* FeaturePictureExplanationViewController.h */,
				4E08C31515248CAA00F3CDC7 /* FeaturePictureExplanationViewController.m */,
				4E08C311152489BF00F3CDC7 /* FeatureExampleViewController.h */,
				4E08C312152489BF00F3CDC7 /* FeatureExampleViewController.m */,
				4E80ADC8151FCA22001CBA7E /* WelcomeViewController.h */,
				4E80ADC9151FCA22001CBA7E /* WelcomeViewController.m */,
				4EA0F263151B54AC00B12716 /* TeamPictureViewController.h */,
				4EA0F264151B54AC00B12716 /* TeamPictureViewController.m */,
				4E3326B8151A91B200CEC850 /* MenuViewController.h */,
				4E3326B9151A91B200CEC850 /* MenuViewController.m */,
				4EA62E2815249B4100E74E64 /* Game.h */,
				4EA62E2915249B4100E74E64 /* Game.m */,
				4EA62E2C15249B9D00E74E64 /* Team.h */,
				4EA62E2D15249B9D00E74E64 /* Team.m */,
				4EAE98EF151A618A0051C926 /* ViewController.h */,
				4EAE98F0151A618A0051C926 /* ViewController.m */,
				4EAE98E1151A618A0051C926 /* Supporting Files */,
			);
			path = "Gesjeesde Native";
			sourceTree = "<group>";
		};
		4EAE98E1151A618A0051C926 /* Supporting Files */ = {
			isa = PBXGroup;
			children = (
				4EAE98E2151A618A0051C926 /* Gesjeesde Native-Info.plist */,
				4EAE98E3151A618A0051C926 /* InfoPlist.strings */,
				4EAE98E6151A618A0051C926 /* main.m */,
				4EAE98E8151A618A0051C926 /* Gesjeesde Native-Prefix.pch */,
			);
			name = "Supporting Files";
			sourceTree = "<group>";
		};
/* End PBXGroup section */

/* Begin PBXNativeTarget section */
		4EAE98D5151A618A0051C926 /* Gesjeesde Beesten */ = {
			isa = PBXNativeTarget;
			buildConfigurationList = 4EAE98F4151A618A0051C926 /* Build configuration list for PBXNativeTarget "Gesjeesde Beesten" */;
			buildPhases = (
				4EAE98D2151A618A0051C926 /* Sources */,
				4EAE98D3151A618A0051C926 /* Frameworks */,
				4EAE98D4151A618A0051C926 /* Resources */,
			);
			buildRules = (
			);
			dependencies = (
			);
			name = "Gesjeesde Beesten";
			productName = "Gesjeesde Native";
			productReference = 4EAE98D6151A618A0051C926 /* Gesjeesde Beesten.app */;
			productType = "com.apple.product-type.application";
		};
/* End PBXNativeTarget section */

/* Begin PBXProject section */
		4EAE98CD151A61890051C926 /* Project object */ = {
			isa = PBXProject;
			attributes = {
				LastUpgradeCheck = 0430;
				ORGANIZATIONNAME = Hubbub;
			};
			buildConfigurationList = 4EAE98D0151A61890051C926 /* Build configuration list for PBXProject "Gesjeesde Beesten" */;
			compatibilityVersion = "Xcode 3.2";
			developmentRegion = English;
			hasScannedForEncodings = 0;
			knownRegions = (
				en,
			);
			mainGroup = 4EAE98CB151A61890051C926;
			productRefGroup = 4EAE98D7151A618A0051C926 /* Products */;
			projectDirPath = "";
			projectRoot = "";
			targets = (
				4EAE98D5151A618A0051C926 /* Gesjeesde Beesten */,
			);
		};
/* End PBXProject section */

/* Begin PBXResourcesBuildPhase section */
		4EAE98D4151A618A0051C926 /* Resources */ = {
			isa = PBXResourcesBuildPhase;
			buildActionMask = 2147483647;
			files = (
				4E6D61E81525246A009D27B0 /* Vollkorn-Bold.ttf in Resources */,
				4E6D61E91525246A009D27B0 /* Vollkorn-BoldItalic.ttf in Resources */,
				4E6D61EA1525246A009D27B0 /* Vollkorn-Italic.ttf in Resources */,
				4E6D61EB1525246A009D27B0 /* Vollkorn-Regular.ttf in Resources */,
				4EAE98E5151A618A0051C926 /* InfoPlist.strings in Resources */,
				4EAE98EE151A618A0051C926 /* MainStoryboard.storyboard in Resources */,
				4E332694151A663B00CEC850 /* bg-0-plain.png in Resources */,
				4E332695151A663B00CEC850 /* bg-1-splash.png in Resources */,
				4E332696151A663B00CEC850 /* bg-2-main-menu.png in Resources */,
				4E332697151A663B00CEC850 /* bg-3-map.png in Resources */,
				4E332698151A663B00CEC850 /* bg-4-welcome-to-cabinet.png in Resources */,
				4E332699151A663B00CEC850 /* bg-5-intro-mission-1.png in Resources */,
				4E33269A151A663B00CEC850 /* bg-14-label-photos.png in Resources */,
				4E33269B151A663B00CEC850 /* bg-20-uitslag.png in Resources */,
				4E33269C151A663B00CEC850 /* bird.png in Resources */,
				4E33269D151A663B00CEC850 /* button-credits.png in Resources */,
				4E33269E151A663B00CEC850 /* button-huh.png in Resources */,
				4E33269F151A663B00CEC850 /* button-ja.png in Resources */,
				4E3326A0151A663B00CEC850 /* button-nieuw-spel.png in Resources */,
				4E3326A1151A663B00CEC850 /* button-terug.png in Resources */,
				4E3326A2151A663B00CEC850 /* button-trash.png in Resources */,
				4E3326A3151A663B00CEC850 /* button-volgende.png in Resources */,
				4E3326A4151A663B00CEC850 /* dot-black.png in Resources */,
				4E3326A5151A663B00CEC850 /* dot-white.png in Resources */,
				4E3326A6151A663B00CEC850 /* evidence-photo-frame-large.png in Resources */,
				4E3326A7151A663B00CEC850 /* evidence-photo-frame-small.png in Resources */,
				4E3326A8151A663B00CEC850 /* flying-squirrel.png in Resources */,
				4E3326A9151A663B00CEC850 /* horizontal-rule.png in Resources */,
				4E3326AA151A663B00CEC850 /* points-fout.png in Resources */,
				4E3326AB151A663B00CEC850 /* points-goed.png in Resources */,
				4E3326AC151A663B00CEC850 /* points-uniek.png in Resources */,
				4E3326AD151A663B00CEC850 /* pulldown.png in Resources */,
				4E3326AE151A663B00CEC850 /* speech-bubble-big.png in Resources */,
				4E3326AF151A663B00CEC850 /* speech-bubble-small.png in Resources */,
				4E3326B0151A663B00CEC850 /* sun.png in Resources */,
				4E3326B3151A666D00CEC850 /* Default@2x.png in Resources */,
				4E08C30F1524723D00F3CDC7 /* 15.png in Resources */,
			);
			runOnlyForDeploymentPostprocessing = 0;
		};
/* End PBXResourcesBuildPhase section */

/* Begin PBXSourcesBuildPhase section */
		4EAE98D2151A618A0051C926 /* Sources */ = {
			isa = PBXSourcesBuildPhase;
			buildActionMask = 2147483647;
			files = (
				4EAE98E7151A618A0051C926 /* main.m in Sources */,
				4EAE98EB151A618A0051C926 /* AppDelegate.m in Sources */,
				4EAE98F1151A618A0051C926 /* ViewController.m in Sources */,
				4E3326B7151A909000CEC850 /* CreditsViewController.m in Sources */,
				4E3326BA151A91B200CEC850 /* MenuViewController.m in Sources */,
				4EA0F265151B54AC00B12716 /* TeamPictureViewController.m in Sources */,
				4E80ADCA151FCA22001CBA7E /* WelcomeViewController.m in Sources */,
				4E08C313152489BF00F3CDC7 /* FeatureExampleViewController.m in Sources */,
				4E08C31615248CAA00F3CDC7 /* FeaturePictureExplanationViewController.m in Sources */,
				4EA62E2A15249B4100E74E64 /* Game.m in Sources */,
				4EA62E2E15249B9D00E74E64 /* Team.m in Sources */,
				4EA62E311524B31A00E74E64 /* LabellingResultsViewController.m in Sources */,
				4E6D61EF1525F79A009D27B0 /* FeaturePictureViewController.m in Sources */,
				4EE1E1BF152625E800A8C6CF /* FirstIssueIntroductionViewController.m in Sources */,
			);
			runOnlyForDeploymentPostprocessing = 0;
		};
/* End PBXSourcesBuildPhase section */

/* Begin PBXVariantGroup section */
		4EAE98E3151A618A0051C926 /* InfoPlist.strings */ = {
			isa = PBXVariantGroup;
			children = (
				4EAE98E4151A618A0051C926 /* en */,
			);
			name = InfoPlist.strings;
			sourceTree = "<group>";
		};
		4EAE98EC151A618A0051C926 /* MainStoryboard.storyboard */ = {
			isa = PBXVariantGroup;
			children = (
				4EAE98ED151A618A0051C926 /* en */,
			);
			name = MainStoryboard.storyboard;
			sourceTree = "<group>";
		};
/* End PBXVariantGroup section */

/* Begin XCBuildConfiguration section */
		4EA0F266151B61D100B12716 /* Ad Hoc */ = {
			isa = XCBuildConfiguration;
			buildSettings = {
				ALWAYS_SEARCH_USER_PATHS = NO;
				ARCHS = "$(ARCHS_STANDARD_32_BIT)";
				CLANG_ENABLE_OBJC_ARC = YES;
				CODE_SIGN_IDENTITY = "iPhone Distribution: Alper Cugun";
				"CODE_SIGN_IDENTITY[sdk=iphoneos*]" = "iPhone Developer";
				COPY_PHASE_STRIP = YES;
				GCC_C_LANGUAGE_STANDARD = gnu99;
				GCC_VERSION = com.apple.compilers.llvm.clang.1_0;
				GCC_WARN_ABOUT_RETURN_TYPE = YES;
				GCC_WARN_UNINITIALIZED_AUTOS = YES;
				GCC_WARN_UNUSED_VARIABLE = YES;
				IPHONEOS_DEPLOYMENT_TARGET = 5.1;
				OTHER_CFLAGS = "-DNS_BLOCK_ASSERTIONS=1";
				PROVISIONING_PROFILE = "4A0F49C8-C8F4-4736-A156-E3D8760CF535";
				SDKROOT = iphoneos;
				VALIDATE_PRODUCT = YES;
			};
			name = "Ad Hoc";
		};
		4EA0F267151B61D100B12716 /* Ad Hoc */ = {
			isa = XCBuildConfiguration;
			buildSettings = {
				GCC_PRECOMPILE_PREFIX_HEADER = YES;
				GCC_PREFIX_HEADER = "Gesjeesde Native/Gesjeesde Native-Prefix.pch";
				INFOPLIST_FILE = "Gesjeesde Native/Gesjeesde Native-Info.plist";
				PRODUCT_NAME = "$(TARGET_NAME)";
				WRAPPER_EXTENSION = app;
			};
			name = "Ad Hoc";
		};
		4EAE98F2151A618A0051C926 /* Debug */ = {
			isa = XCBuildConfiguration;
			buildSettings = {
				ALWAYS_SEARCH_USER_PATHS = NO;
				ARCHS = "$(ARCHS_STANDARD_32_BIT)";
				CLANG_ENABLE_OBJC_ARC = YES;
				"CODE_SIGN_IDENTITY[sdk=iphoneos*]" = "iPhone Developer";
				COPY_PHASE_STRIP = NO;
				GCC_C_LANGUAGE_STANDARD = gnu99;
				GCC_DYNAMIC_NO_PIC = NO;
				GCC_OPTIMIZATION_LEVEL = 0;
				GCC_PREPROCESSOR_DEFINITIONS = (
					"DEBUG=1",
					"$(inherited)",
				);
				GCC_SYMBOLS_PRIVATE_EXTERN = NO;
				GCC_VERSION = com.apple.compilers.llvm.clang.1_0;
				GCC_WARN_ABOUT_RETURN_TYPE = YES;
				GCC_WARN_UNINITIALIZED_AUTOS = YES;
				GCC_WARN_UNUSED_VARIABLE = YES;
				IPHONEOS_DEPLOYMENT_TARGET = 5.1;
				SDKROOT = iphoneos;
			};
			name = Debug;
		};
		4EAE98F3151A618A0051C926 /* Release */ = {
			isa = XCBuildConfiguration;
			buildSettings = {
				ALWAYS_SEARCH_USER_PATHS = NO;
				ARCHS = "$(ARCHS_STANDARD_32_BIT)";
				CLANG_ENABLE_OBJC_ARC = YES;
				"CODE_SIGN_IDENTITY[sdk=iphoneos*]" = "iPhone Developer";
				COPY_PHASE_STRIP = YES;
				GCC_C_LANGUAGE_STANDARD = gnu99;
				GCC_VERSION = com.apple.compilers.llvm.clang.1_0;
				GCC_WARN_ABOUT_RETURN_TYPE = YES;
				GCC_WARN_UNINITIALIZED_AUTOS = YES;
				GCC_WARN_UNUSED_VARIABLE = YES;
				IPHONEOS_DEPLOYMENT_TARGET = 5.1;
				OTHER_CFLAGS = "-DNS_BLOCK_ASSERTIONS=1";
				SDKROOT = iphoneos;
				VALIDATE_PRODUCT = YES;
			};
			name = Release;
		};
		4EAE98F5151A618A0051C926 /* Debug */ = {
			isa = XCBuildConfiguration;
			buildSettings = {
				GCC_PRECOMPILE_PREFIX_HEADER = YES;
				GCC_PREFIX_HEADER = "Gesjeesde Native/Gesjeesde Native-Prefix.pch";
				INFOPLIST_FILE = "Gesjeesde Native/Gesjeesde Native-Info.plist";
				PRODUCT_NAME = "$(TARGET_NAME)";
				WRAPPER_EXTENSION = app;
			};
			name = Debug;
		};
		4EAE98F6151A618A0051C926 /* Release */ = {
			isa = XCBuildConfiguration;
			buildSettings = {
				GCC_PRECOMPILE_PREFIX_HEADER = YES;
				GCC_PREFIX_HEADER = "Gesjeesde Native/Gesjeesde Native-Prefix.pch";
				INFOPLIST_FILE = "Gesjeesde Native/Gesjeesde Native-Info.plist";
				PRODUCT_NAME = "$(TARGET_NAME)";
				WRAPPER_EXTENSION = app;
			};
			name = Release;
		};
/* End XCBuildConfiguration section */

/* Begin XCConfigurationList section */
		4EAE98D0151A61890051C926 /* Build configuration list for PBXProject "Gesjeesde Beesten" */ = {
			isa = XCConfigurationList;
			buildConfigurations = (
				4EAE98F2151A618A0051C926 /* Debug */,
				4EAE98F3151A618A0051C926 /* Release */,
				4EA0F266151B61D100B12716 /* Ad Hoc */,
			);
			defaultConfigurationIsVisible = 0;
			defaultConfigurationName = Release;
		};
		4EAE98F4151A618A0051C926 /* Build configuration list for PBXNativeTarget "Gesjeesde Beesten" */ = {
			isa = XCConfigurationList;
			buildConfigurations = (
				4EAE98F5151A618A0051C926 /* Debug */,
				4EAE98F6151A618A0051C926 /* Release */,
				4EA0F267151B61D100B12716 /* Ad Hoc */,
			);
			defaultConfigurationIsVisible = 0;
			defaultConfigurationName = Release;
		};
/* End XCConfigurationList section */
	};
	rootObject = 4EAE98CD151A61890051C926 /* Project object */;
}
